// !$*UTF8*$!
{
	archiveVersion = 1;
	classes = {
	};
	objectVersion = 56;
	objects = {

/* Begin PBXBuildFile section */
		A60218492C485EEB00D84732 /* SectionSegueView.swift in Sources */ = {isa = PBXBuildFile; fileRef = A60218482C485EEB00D84732 /* SectionSegueView.swift */; };
		A614A0542B9555860058F72D /* UserInterface.h in Headers */ = {isa = PBXBuildFile; fileRef = A614A0532B9555860058F72D /* UserInterface.h */; settings = {ATTRIBUTES = (Public, ); }; };
		A614A0572B9555860058F72D /* UserInterface.framework in Frameworks */ = {isa = PBXBuildFile; fileRef = A614A0512B9555860058F72D /* UserInterface.framework */; };
		A614A0582B9555860058F72D /* UserInterface.framework in Embed Frameworks */ = {isa = PBXBuildFile; fileRef = A614A0512B9555860058F72D /* UserInterface.framework */; settings = {ATTRIBUTES = (CodeSignOnCopy, RemoveHeadersOnCopy, ); }; };
		A621374F2C1F77A60054E13F /* SettingsView.swift in Sources */ = {isa = PBXBuildFile; fileRef = A621374E2C1F77A60054E13F /* SettingsView.swift */; };
		A62137512C1F78140054E13F /* AppTabBarView.swift in Sources */ = {isa = PBXBuildFile; fileRef = A62137502C1F78140054E13F /* AppTabBarView.swift */; };
		A621375D2C1F88A50054E13F /* BodyDiaryKit.h in Headers */ = {isa = PBXBuildFile; fileRef = A621375C2C1F88A50054E13F /* BodyDiaryKit.h */; settings = {ATTRIBUTES = (Public, ); }; };
		A62137602C1F88A50054E13F /* BodyDiaryKit.framework in Frameworks */ = {isa = PBXBuildFile; fileRef = A621375A2C1F88A50054E13F /* BodyDiaryKit.framework */; };
		A62137612C1F88A50054E13F /* BodyDiaryKit.framework in Embed Frameworks */ = {isa = PBXBuildFile; fileRef = A621375A2C1F88A50054E13F /* BodyDiaryKit.framework */; settings = {ATTRIBUTES = (CodeSignOnCopy, RemoveHeadersOnCopy, ); }; };
		A621376A2C1F88C50054E13F /* DependencyManager.swift in Sources */ = {isa = PBXBuildFile; fileRef = A62137672C1F88C50054E13F /* DependencyManager.swift */; };
		A621376B2C1F88C50054E13F /* DependencyResolver.swift in Sources */ = {isa = PBXBuildFile; fileRef = A62137682C1F88C50054E13F /* DependencyResolver.swift */; };
		A621376C2C1F88C50054E13F /* InjectedPropertyWrapper.swift in Sources */ = {isa = PBXBuildFile; fileRef = A62137692C1F88C50054E13F /* InjectedPropertyWrapper.swift */; };
		A621376E2C1F895B0054E13F /* AppConfigurator.swift in Sources */ = {isa = PBXBuildFile; fileRef = A621376D2C1F895B0054E13F /* AppConfigurator.swift */; };
		A62137712C1F89BA0054E13F /* ServicesFactory.swift in Sources */ = {isa = PBXBuildFile; fileRef = A62137702C1F89BA0054E13F /* ServicesFactory.swift */; };
		A62137732C1F89F20054E13F /* UserInterfaceService.swift in Sources */ = {isa = PBXBuildFile; fileRef = A62137722C1F89F20054E13F /* UserInterfaceService.swift */; };
		A62137752C1F8A1E0054E13F /* Fonts.swift in Sources */ = {isa = PBXBuildFile; fileRef = A62137742C1F8A1E0054E13F /* Fonts.swift */; };
		A62137772C1F8A350054E13F /* ColorsService.swift in Sources */ = {isa = PBXBuildFile; fileRef = A62137762C1F8A350054E13F /* ColorsService.swift */; };
		A621377A2C1F8EE10054E13F /* Color.swift in Sources */ = {isa = PBXBuildFile; fileRef = A62137792C1F8EE10054E13F /* Color.swift */; };
		A621377E2C1F92D20054E13F /* Colors.xcassets in Resources */ = {isa = PBXBuildFile; fileRef = A621377D2C1F92D20054E13F /* Colors.xcassets */; };
		A62A58DB2B951936009E953F /* BodyDiaryApp.swift in Sources */ = {isa = PBXBuildFile; fileRef = A62A58DA2B951936009E953F /* BodyDiaryApp.swift */; };
		A62A58DD2B951936009E953F /* DiaryView.swift in Sources */ = {isa = PBXBuildFile; fileRef = A62A58DC2B951936009E953F /* DiaryView.swift */; };
		A62A58E12B951937009E953F /* Assets.xcassets in Resources */ = {isa = PBXBuildFile; fileRef = A62A58E02B951937009E953F /* Assets.xcassets */; };
		A62A58E52B951937009E953F /* Preview Assets.xcassets in Resources */ = {isa = PBXBuildFile; fileRef = A62A58E42B951937009E953F /* Preview Assets.xcassets */; };
		A62A58F42B951B30009E953F /* Storage.h in Headers */ = {isa = PBXBuildFile; fileRef = A62A58F32B951B30009E953F /* Storage.h */; settings = {ATTRIBUTES = (Public, ); }; };
		A62A58F72B951B30009E953F /* Storage.framework in Frameworks */ = {isa = PBXBuildFile; fileRef = A62A58F12B951B30009E953F /* Storage.framework */; };
		A62A58F82B951B30009E953F /* Storage.framework in Embed Frameworks */ = {isa = PBXBuildFile; fileRef = A62A58F12B951B30009E953F /* Storage.framework */; settings = {ATTRIBUTES = (CodeSignOnCopy, RemoveHeadersOnCopy, ); }; };
		A62A58FE2B951B7B009E953F /* DailyRecordEntity.swift in Sources */ = {isa = PBXBuildFile; fileRef = A62A58FD2B951B7B009E953F /* DailyRecordEntity.swift */; };
		A62A59022B951DA5009E953F /* DiaryViewModel.swift in Sources */ = {isa = PBXBuildFile; fileRef = A62A59012B951DA5009E953F /* DiaryViewModel.swift */; };
		A63D70912C27256C00E96F03 /* Lottie in Frameworks */ = {isa = PBXBuildFile; productRef = A63D70902C27256C00E96F03 /* Lottie */; };
		A63D70962C2788B500E96F03 /* UserDefaultsPropertyWrapper.swift in Sources */ = {isa = PBXBuildFile; fileRef = A63D70952C2788B500E96F03 /* UserDefaultsPropertyWrapper.swift */; };
		A645F04E2C5ADF9B00880B4C /* AppConfiguration.swift in Sources */ = {isa = PBXBuildFile; fileRef = A645F04D2C5ADF9B00880B4C /* AppConfiguration.swift */; };
		A645F0502C5AE03100880B4C /* AppConfigurationProvider.swift in Sources */ = {isa = PBXBuildFile; fileRef = A645F04F2C5AE03100880B4C /* AppConfigurationProvider.swift */; };
		A645F0532C5AF09400880B4C /* AppFatalError.swift in Sources */ = {isa = PBXBuildFile; fileRef = A645F0522C5AF09400880B4C /* AppFatalError.swift */; };
		A645F0552C5AF5AF00880B4C /* AppTabsConfiguration.swift in Sources */ = {isa = PBXBuildFile; fileRef = A645F0542C5AF5AF00880B4C /* AppTabsConfiguration.swift */; };
		A64EA2502C31ADD80094FB9F /* PaletteType.swift in Sources */ = {isa = PBXBuildFile; fileRef = A64EA24F2C31ADD80094FB9F /* PaletteType.swift */; };
		A64EA2522C31C3480094FB9F /* Palette.swift in Sources */ = {isa = PBXBuildFile; fileRef = A64EA2512C31C3480094FB9F /* Palette.swift */; };
		A64EA2542C31C3BA0094FB9F /* StandardPalette.swift in Sources */ = {isa = PBXBuildFile; fileRef = A64EA2532C31C3BA0094FB9F /* StandardPalette.swift */; };
		A64EA2562C31C43B0094FB9F /* QueenPalette.swift in Sources */ = {isa = PBXBuildFile; fileRef = A64EA2552C31C43B0094FB9F /* QueenPalette.swift */; };
		A64FA5E02C2101E300CC50C8 /* UserEntity.swift in Sources */ = {isa = PBXBuildFile; fileRef = A64FA5DF2C2101E300CC50C8 /* UserEntity.swift */; };
		A64FA5E22C21028B00CC50C8 /* StorageService.swift in Sources */ = {isa = PBXBuildFile; fileRef = A64FA5E12C21028B00CC50C8 /* StorageService.swift */; };
		A64FA5E52C2103C200CC50C8 /* InitializeService.swift in Sources */ = {isa = PBXBuildFile; fileRef = A64FA5E42C2103C200CC50C8 /* InitializeService.swift */; };
		A64FA5E82C21050A00CC50C8 /* StartAppView.swift in Sources */ = {isa = PBXBuildFile; fileRef = A64FA5E72C21050A00CC50C8 /* StartAppView.swift */; };
		A64FA5EB2C21066000CC50C8 /* LaunchView.swift in Sources */ = {isa = PBXBuildFile; fileRef = A64FA5EA2C21066000CC50C8 /* LaunchView.swift */; };
		A64FA5EE2C2109AD00CC50C8 /* LaunchAnimation.json in Resources */ = {isa = PBXBuildFile; fileRef = A64FA5ED2C2109AD00CC50C8 /* LaunchAnimation.json */; };
		A65CF67A2C2A0D2E002D036A /* OnboardingView.swift in Sources */ = {isa = PBXBuildFile; fileRef = A65CF6792C2A0D2E002D036A /* OnboardingView.swift */; };
		A65CF67C2C2A14B1002D036A /* Localizable.xcstrings in Resources */ = {isa = PBXBuildFile; fileRef = A65CF67B2C2A14B1002D036A /* Localizable.xcstrings */; };
		A65CF6AB2C2A2607002D036A /* PlusJakartaSans-ExtraBold.ttf in Resources */ = {isa = PBXBuildFile; fileRef = A65CF69D2C2A2607002D036A /* PlusJakartaSans-ExtraBold.ttf */; };
		A65CF6AC2C2A2607002D036A /* PlusJakartaSans-ExtraLight.ttf in Resources */ = {isa = PBXBuildFile; fileRef = A65CF69E2C2A2607002D036A /* PlusJakartaSans-ExtraLight.ttf */; };
		A65CF6AD2C2A2607002D036A /* PlusJakartaSans-Medium.ttf in Resources */ = {isa = PBXBuildFile; fileRef = A65CF69F2C2A2607002D036A /* PlusJakartaSans-Medium.ttf */; };
		A65CF6AE2C2A2607002D036A /* PlusJakartaSans-Light.ttf in Resources */ = {isa = PBXBuildFile; fileRef = A65CF6A02C2A2607002D036A /* PlusJakartaSans-Light.ttf */; };
		A65CF6AF2C2A2607002D036A /* PlusJakartaSans-SemiBold.ttf in Resources */ = {isa = PBXBuildFile; fileRef = A65CF6A12C2A2607002D036A /* PlusJakartaSans-SemiBold.ttf */; };
		A65CF6B02C2A2607002D036A /* PlusJakartaSans-MediumItalic.ttf in Resources */ = {isa = PBXBuildFile; fileRef = A65CF6A22C2A2607002D036A /* PlusJakartaSans-MediumItalic.ttf */; };
		A65CF6B12C2A2607002D036A /* PlusJakartaSans-ExtraBoldItalic.ttf in Resources */ = {isa = PBXBuildFile; fileRef = A65CF6A32C2A2607002D036A /* PlusJakartaSans-ExtraBoldItalic.ttf */; };
		A65CF6B22C2A2607002D036A /* PlusJakartaSans-Regular.ttf in Resources */ = {isa = PBXBuildFile; fileRef = A65CF6A42C2A2607002D036A /* PlusJakartaSans-Regular.ttf */; };
		A65CF6B32C2A2607002D036A /* PlusJakartaSans-ExtraLightItalic.ttf in Resources */ = {isa = PBXBuildFile; fileRef = A65CF6A52C2A2607002D036A /* PlusJakartaSans-ExtraLightItalic.ttf */; };
		A65CF6B42C2A2607002D036A /* PlusJakartaSans-BoldItalic.ttf in Resources */ = {isa = PBXBuildFile; fileRef = A65CF6A62C2A2607002D036A /* PlusJakartaSans-BoldItalic.ttf */; };
		A65CF6B52C2A2607002D036A /* PlusJakartaSans-SemiBoldItalic.ttf in Resources */ = {isa = PBXBuildFile; fileRef = A65CF6A72C2A2607002D036A /* PlusJakartaSans-SemiBoldItalic.ttf */; };
		A65CF6B62C2A2607002D036A /* PlusJakartaSans-LightItalic.ttf in Resources */ = {isa = PBXBuildFile; fileRef = A65CF6A82C2A2607002D036A /* PlusJakartaSans-LightItalic.ttf */; };
		A65CF6B72C2A2607002D036A /* PlusJakartaSans-Italic.ttf in Resources */ = {isa = PBXBuildFile; fileRef = A65CF6A92C2A2607002D036A /* PlusJakartaSans-Italic.ttf */; };
		A65CF6B82C2A2607002D036A /* PlusJakartaSans-Bold.ttf in Resources */ = {isa = PBXBuildFile; fileRef = A65CF6AA2C2A2607002D036A /* PlusJakartaSans-Bold.ttf */; };
		A65CF6CC2C2A2987002D036A /* Jost-SemiBoldItalic.ttf in Resources */ = {isa = PBXBuildFile; fileRef = A65CF6BA2C2A2986002D036A /* Jost-SemiBoldItalic.ttf */; };
		A65CF6CD2C2A2987002D036A /* Jost-ExtraBoldItalic.ttf in Resources */ = {isa = PBXBuildFile; fileRef = A65CF6BB2C2A2986002D036A /* Jost-ExtraBoldItalic.ttf */; };
		A65CF6CE2C2A2987002D036A /* Jost-ExtraLightItalic.ttf in Resources */ = {isa = PBXBuildFile; fileRef = A65CF6BC2C2A2986002D036A /* Jost-ExtraLightItalic.ttf */; };
		A65CF6CF2C2A2987002D036A /* Jost-Medium.ttf in Resources */ = {isa = PBXBuildFile; fileRef = A65CF6BD2C2A2986002D036A /* Jost-Medium.ttf */; };
		A65CF6D02C2A2987002D036A /* Jost-Light.ttf in Resources */ = {isa = PBXBuildFile; fileRef = A65CF6BE2C2A2986002D036A /* Jost-Light.ttf */; };
		A65CF6D12C2A2987002D036A /* Jost-BoldItalic.ttf in Resources */ = {isa = PBXBuildFile; fileRef = A65CF6BF2C2A2986002D036A /* Jost-BoldItalic.ttf */; };
		A65CF6D22C2A2987002D036A /* Jost-Thin.ttf in Resources */ = {isa = PBXBuildFile; fileRef = A65CF6C02C2A2986002D036A /* Jost-Thin.ttf */; };
		A65CF6D32C2A2987002D036A /* Jost-Italic.ttf in Resources */ = {isa = PBXBuildFile; fileRef = A65CF6C12C2A2986002D036A /* Jost-Italic.ttf */; };
		A65CF6D42C2A2987002D036A /* Jost-SemiBold.ttf in Resources */ = {isa = PBXBuildFile; fileRef = A65CF6C22C2A2986002D036A /* Jost-SemiBold.ttf */; };
		A65CF6D52C2A2987002D036A /* Jost-ThinItalic.ttf in Resources */ = {isa = PBXBuildFile; fileRef = A65CF6C32C2A2986002D036A /* Jost-ThinItalic.ttf */; };
		A65CF6D62C2A2987002D036A /* Jost-MediumItalic.ttf in Resources */ = {isa = PBXBuildFile; fileRef = A65CF6C42C2A2986002D036A /* Jost-MediumItalic.ttf */; };
		A65CF6D72C2A2987002D036A /* Jost-Black.ttf in Resources */ = {isa = PBXBuildFile; fileRef = A65CF6C52C2A2986002D036A /* Jost-Black.ttf */; };
		A65CF6D82C2A2987002D036A /* Jost-ExtraLight.ttf in Resources */ = {isa = PBXBuildFile; fileRef = A65CF6C62C2A2986002D036A /* Jost-ExtraLight.ttf */; };
		A65CF6D92C2A2987002D036A /* Jost-BlackItalic.ttf in Resources */ = {isa = PBXBuildFile; fileRef = A65CF6C72C2A2986002D036A /* Jost-BlackItalic.ttf */; };
		A65CF6DA2C2A2987002D036A /* Jost-Bold.ttf in Resources */ = {isa = PBXBuildFile; fileRef = A65CF6C82C2A2986002D036A /* Jost-Bold.ttf */; };
		A65CF6DB2C2A2987002D036A /* Jost-LightItalic.ttf in Resources */ = {isa = PBXBuildFile; fileRef = A65CF6C92C2A2986002D036A /* Jost-LightItalic.ttf */; };
		A65CF6DC2C2A2987002D036A /* Jost-Regular.ttf in Resources */ = {isa = PBXBuildFile; fileRef = A65CF6CA2C2A2986002D036A /* Jost-Regular.ttf */; };
		A65CF6DD2C2A2987002D036A /* Jost-ExtraBold.ttf in Resources */ = {isa = PBXBuildFile; fileRef = A65CF6CB2C2A2987002D036A /* Jost-ExtraBold.ttf */; };
		A65CF6E12C2A30DD002D036A /* OnboardingViewModel.swift in Sources */ = {isa = PBXBuildFile; fileRef = A65CF6E02C2A30DD002D036A /* OnboardingViewModel.swift */; };
		A65CF6E32C2A316B002D036A /* OnboardingContentProvider.swift in Sources */ = {isa = PBXBuildFile; fileRef = A65CF6E22C2A316B002D036A /* OnboardingContentProvider.swift */; };
		A65CF6E52C2A3176002D036A /* OnboardingPageItem.swift in Sources */ = {isa = PBXBuildFile; fileRef = A65CF6E42C2A3176002D036A /* OnboardingPageItem.swift */; };
		A65CF6EA2C2A3443002D036A /* Logger.swift in Sources */ = {isa = PBXBuildFile; fileRef = A65CF6E92C2A3443002D036A /* Logger.swift */; };
		A65CF6EC2C2A3487002D036A /* LoggerMessageType.swift in Sources */ = {isa = PBXBuildFile; fileRef = A65CF6EB2C2A3487002D036A /* LoggerMessageType.swift */; };
		A65CF6EE2C2A35FE002D036A /* OnboardingTemplatePageItem.swift in Sources */ = {isa = PBXBuildFile; fileRef = A65CF6ED2C2A35FE002D036A /* OnboardingTemplatePageItem.swift */; };
		A66713B12C2B861100DA2A06 /* UserService.swift in Sources */ = {isa = PBXBuildFile; fileRef = A66713B02C2B861100DA2A06 /* UserService.swift */; };
		A66713B42C2B86AB00DA2A06 /* OnboardingTextPageView.swift in Sources */ = {isa = PBXBuildFile; fileRef = A66713B32C2B86AB00DA2A06 /* OnboardingTextPageView.swift */; };
		A66713B72C2B928500DA2A06 /* OnboardingTemplatePageView.swift in Sources */ = {isa = PBXBuildFile; fileRef = A66713B62C2B928500DA2A06 /* OnboardingTemplatePageView.swift */; };
		A66713C02C2B93EE00DA2A06 /* ActionButtonStyle.swift in Sources */ = {isa = PBXBuildFile; fileRef = A66713BF2C2B93EE00DA2A06 /* ActionButtonStyle.swift */; };
		A66713C32C2B9C8F00DA2A06 /* OnboardingUserDataView.swift in Sources */ = {isa = PBXBuildFile; fileRef = A66713C22C2B9C8F00DA2A06 /* OnboardingUserDataView.swift */; };
		A66713C62C2CD69000DA2A06 /* UserGender.swift in Sources */ = {isa = PBXBuildFile; fileRef = A66713C52C2CD69000DA2A06 /* UserGender.swift */; };
		A66713CC2C2CE68300DA2A06 /* PopupView in Frameworks */ = {isa = PBXBuildFile; productRef = A66713CB2C2CE68300DA2A06 /* PopupView */; };
		A66713D02C2CF52100DA2A06 /* UserNameValidator.swift in Sources */ = {isa = PBXBuildFile; fileRef = A66713CF2C2CF52100DA2A06 /* UserNameValidator.swift */; };
		A6765EA72C5C66DD0084CF5E /* NotionButton.swift in Sources */ = {isa = PBXBuildFile; fileRef = A6765EA62C5C66DD0084CF5E /* NotionButton.swift */; };
		A67DABAB2C41F096001C9162 /* PreviewAssets.xcassets in Resources */ = {isa = PBXBuildFile; fileRef = A67DABAA2C41F096001C9162 /* PreviewAssets.xcassets */; };
		A699E0132C34B6310037656D /* SegmentedPicker.swift in Sources */ = {isa = PBXBuildFile; fileRef = A699E0122C34B6310037656D /* SegmentedPicker.swift */; };
		A6C11AD92C38BE0900980AC0 /* InterfaceSelectionView.swift in Sources */ = {isa = PBXBuildFile; fileRef = A6C11AD82C38BE0900980AC0 /* InterfaceSelectionView.swift */; };
		A6DBC2442BBB04E90024653E /* DailyRecordEntity+Formatted.swift in Sources */ = {isa = PBXBuildFile; fileRef = A6DBC2432BBB04E90024653E /* DailyRecordEntity+Formatted.swift */; };
		A6E041E72C5DB06E009F42FE /* TabBarConstants.swift in Sources */ = {isa = PBXBuildFile; fileRef = A6E041E62C5DB06E009F42FE /* TabBarConstants.swift */; };
		A6E041E92C5DB264009F42FE /* TabBarButton.swift in Sources */ = {isa = PBXBuildFile; fileRef = A6E041E82C5DB264009F42FE /* TabBarButton.swift */; };
		A6E55C7B2C40A27F000C29DE /* PreviewDataController.swift in Sources */ = {isa = PBXBuildFile; fileRef = A6E55C7A2C40A27F000C29DE /* PreviewDataController.swift */; };
		A6E55C7E2C40AE3D000C29DE /* UserAvatarView.swift in Sources */ = {isa = PBXBuildFile; fileRef = A6E55C7D2C40AE3D000C29DE /* UserAvatarView.swift */; };
		A6E732C42C2F43DE004F3CFC /* AppTextFieldStyle.swift in Sources */ = {isa = PBXBuildFile; fileRef = A6E732C32C2F43DE004F3CFC /* AppTextFieldStyle.swift */; };
		A6EB160A2C59884300AA1B33 /* AppAppearenceConfigurator.swift in Sources */ = {isa = PBXBuildFile; fileRef = A6EB16092C59884300AA1B33 /* AppAppearenceConfigurator.swift */; };
		A6EB160F2C599BFA00AA1B33 /* TabBarShape.swift in Sources */ = {isa = PBXBuildFile; fileRef = A6EB160E2C599BFA00AA1B33 /* TabBarShape.swift */; };
		A6EB16132C599E3D00AA1B33 /* AppTabBarUnit.swift in Sources */ = {isa = PBXBuildFile; fileRef = A6EB16122C599E3D00AA1B33 /* AppTabBarUnit.swift */; };
		A6EB16162C599F5600AA1B33 /* TabBarButtonItem.swift in Sources */ = {isa = PBXBuildFile; fileRef = A6EB16152C599F5600AA1B33 /* TabBarButtonItem.swift */; };
		A6EB16182C599F9300AA1B33 /* TabBarButtonItemProvider.swift in Sources */ = {isa = PBXBuildFile; fileRef = A6EB16172C599F9300AA1B33 /* TabBarButtonItemProvider.swift */; };
		A6ED87962C3ACDE600D02CB3 /* SegmentedPickerItem.swift in Sources */ = {isa = PBXBuildFile; fileRef = A6ED87952C3ACDE600D02CB3 /* SegmentedPickerItem.swift */; };
		A6ED87992C3AD0E500D02CB3 /* UserValidator.swift in Sources */ = {isa = PBXBuildFile; fileRef = A6ED87982C3AD0E500D02CB3 /* UserValidator.swift */; };
		A6F19BFD2C30E25E00A3068D /* OnboardingInterfaceSelectionView.swift in Sources */ = {isa = PBXBuildFile; fileRef = A6F19BFC2C30E25E00A3068D /* OnboardingInterfaceSelectionView.swift */; };
/* End PBXBuildFile section */

/* Begin PBXContainerItemProxy section */
		A614A0552B9555860058F72D /* PBXContainerItemProxy */ = {
			isa = PBXContainerItemProxy;
			containerPortal = A62A58CF2B951936009E953F /* Project object */;
			proxyType = 1;
			remoteGlobalIDString = A614A0502B9555860058F72D;
			remoteInfo = UserInterface;
		};
		A621375E2C1F88A50054E13F /* PBXContainerItemProxy */ = {
			isa = PBXContainerItemProxy;
			containerPortal = A62A58CF2B951936009E953F /* Project object */;
			proxyType = 1;
			remoteGlobalIDString = A62137592C1F88A50054E13F;
			remoteInfo = BodyDiaryKit;
		};
		A62A58F52B951B30009E953F /* PBXContainerItemProxy */ = {
			isa = PBXContainerItemProxy;
			containerPortal = A62A58CF2B951936009E953F /* Project object */;
			proxyType = 1;
			remoteGlobalIDString = A62A58F02B951B30009E953F;
			remoteInfo = Storage;
		};
/* End PBXContainerItemProxy section */

/* Begin PBXCopyFilesBuildPhase section */
		A62A58F92B951B30009E953F /* Embed Frameworks */ = {
			isa = PBXCopyFilesBuildPhase;
			buildActionMask = 2147483647;
			dstPath = "";
			dstSubfolderSpec = 10;
			files = (
				A62137612C1F88A50054E13F /* BodyDiaryKit.framework in Embed Frameworks */,
				A62A58F82B951B30009E953F /* Storage.framework in Embed Frameworks */,
				A614A0582B9555860058F72D /* UserInterface.framework in Embed Frameworks */,
			);
			name = "Embed Frameworks";
			runOnlyForDeploymentPostprocessing = 0;
		};
/* End PBXCopyFilesBuildPhase section */

/* Begin PBXFileReference section */
		A60218482C485EEB00D84732 /* SectionSegueView.swift */ = {isa = PBXFileReference; lastKnownFileType = sourcecode.swift; path = SectionSegueView.swift; sourceTree = "<group>"; };
		A614A0512B9555860058F72D /* UserInterface.framework */ = {isa = PBXFileReference; explicitFileType = wrapper.framework; includeInIndex = 0; path = UserInterface.framework; sourceTree = BUILT_PRODUCTS_DIR; };
		A614A0532B9555860058F72D /* UserInterface.h */ = {isa = PBXFileReference; lastKnownFileType = sourcecode.c.h; path = UserInterface.h; sourceTree = "<group>"; };
		A621374E2C1F77A60054E13F /* SettingsView.swift */ = {isa = PBXFileReference; lastKnownFileType = sourcecode.swift; path = SettingsView.swift; sourceTree = "<group>"; };
		A62137502C1F78140054E13F /* AppTabBarView.swift */ = {isa = PBXFileReference; lastKnownFileType = sourcecode.swift; path = AppTabBarView.swift; sourceTree = "<group>"; };
		A621375A2C1F88A50054E13F /* BodyDiaryKit.framework */ = {isa = PBXFileReference; explicitFileType = wrapper.framework; includeInIndex = 0; path = BodyDiaryKit.framework; sourceTree = BUILT_PRODUCTS_DIR; };
		A621375C2C1F88A50054E13F /* BodyDiaryKit.h */ = {isa = PBXFileReference; lastKnownFileType = sourcecode.c.h; path = BodyDiaryKit.h; sourceTree = "<group>"; };
		A62137672C1F88C50054E13F /* DependencyManager.swift */ = {isa = PBXFileReference; fileEncoding = 4; lastKnownFileType = sourcecode.swift; path = DependencyManager.swift; sourceTree = "<group>"; };
		A62137682C1F88C50054E13F /* DependencyResolver.swift */ = {isa = PBXFileReference; fileEncoding = 4; lastKnownFileType = sourcecode.swift; path = DependencyResolver.swift; sourceTree = "<group>"; };
		A62137692C1F88C50054E13F /* InjectedPropertyWrapper.swift */ = {isa = PBXFileReference; fileEncoding = 4; lastKnownFileType = sourcecode.swift; path = InjectedPropertyWrapper.swift; sourceTree = "<group>"; };
		A621376D2C1F895B0054E13F /* AppConfigurator.swift */ = {isa = PBXFileReference; lastKnownFileType = sourcecode.swift; path = AppConfigurator.swift; sourceTree = "<group>"; };
		A62137702C1F89BA0054E13F /* ServicesFactory.swift */ = {isa = PBXFileReference; lastKnownFileType = sourcecode.swift; path = ServicesFactory.swift; sourceTree = "<group>"; };
		A62137722C1F89F20054E13F /* UserInterfaceService.swift */ = {isa = PBXFileReference; lastKnownFileType = sourcecode.swift; path = UserInterfaceService.swift; sourceTree = "<group>"; };
		A62137742C1F8A1E0054E13F /* Fonts.swift */ = {isa = PBXFileReference; lastKnownFileType = sourcecode.swift; path = Fonts.swift; sourceTree = "<group>"; };
		A62137762C1F8A350054E13F /* ColorsService.swift */ = {isa = PBXFileReference; lastKnownFileType = sourcecode.swift; path = ColorsService.swift; sourceTree = "<group>"; };
		A62137792C1F8EE10054E13F /* Color.swift */ = {isa = PBXFileReference; lastKnownFileType = sourcecode.swift; path = Color.swift; sourceTree = "<group>"; };
		A621377D2C1F92D20054E13F /* Colors.xcassets */ = {isa = PBXFileReference; lastKnownFileType = folder.assetcatalog; path = Colors.xcassets; sourceTree = "<group>"; };
		A62A58D72B951936009E953F /* BodyDiary.app */ = {isa = PBXFileReference; explicitFileType = wrapper.application; includeInIndex = 0; path = BodyDiary.app; sourceTree = BUILT_PRODUCTS_DIR; };
		A62A58DA2B951936009E953F /* BodyDiaryApp.swift */ = {isa = PBXFileReference; lastKnownFileType = sourcecode.swift; path = BodyDiaryApp.swift; sourceTree = "<group>"; };
		A62A58DC2B951936009E953F /* DiaryView.swift */ = {isa = PBXFileReference; lastKnownFileType = sourcecode.swift; path = DiaryView.swift; sourceTree = "<group>"; };
		A62A58E02B951937009E953F /* Assets.xcassets */ = {isa = PBXFileReference; lastKnownFileType = folder.assetcatalog; path = Assets.xcassets; sourceTree = "<group>"; };
		A62A58E22B951937009E953F /* BodyDiary.entitlements */ = {isa = PBXFileReference; lastKnownFileType = text.plist.entitlements; path = BodyDiary.entitlements; sourceTree = "<group>"; };
		A62A58E42B951937009E953F /* Preview Assets.xcassets */ = {isa = PBXFileReference; lastKnownFileType = folder.assetcatalog; path = "Preview Assets.xcassets"; sourceTree = "<group>"; };
		A62A58E62B951937009E953F /* Info.plist */ = {isa = PBXFileReference; lastKnownFileType = text.plist.xml; path = Info.plist; sourceTree = "<group>"; };
		A62A58F12B951B30009E953F /* Storage.framework */ = {isa = PBXFileReference; explicitFileType = wrapper.framework; includeInIndex = 0; path = Storage.framework; sourceTree = BUILT_PRODUCTS_DIR; };
		A62A58F32B951B30009E953F /* Storage.h */ = {isa = PBXFileReference; lastKnownFileType = sourcecode.c.h; path = Storage.h; sourceTree = "<group>"; };
		A62A58FD2B951B7B009E953F /* DailyRecordEntity.swift */ = {isa = PBXFileReference; lastKnownFileType = sourcecode.swift; path = DailyRecordEntity.swift; sourceTree = "<group>"; };
		A62A59012B951DA5009E953F /* DiaryViewModel.swift */ = {isa = PBXFileReference; lastKnownFileType = sourcecode.swift; path = DiaryViewModel.swift; sourceTree = "<group>"; };
		A63D70952C2788B500E96F03 /* UserDefaultsPropertyWrapper.swift */ = {isa = PBXFileReference; lastKnownFileType = sourcecode.swift; path = UserDefaultsPropertyWrapper.swift; sourceTree = "<group>"; };
		A645F04D2C5ADF9B00880B4C /* AppConfiguration.swift */ = {isa = PBXFileReference; lastKnownFileType = sourcecode.swift; path = AppConfiguration.swift; sourceTree = "<group>"; };
		A645F04F2C5AE03100880B4C /* AppConfigurationProvider.swift */ = {isa = PBXFileReference; lastKnownFileType = sourcecode.swift; path = AppConfigurationProvider.swift; sourceTree = "<group>"; };
		A645F0522C5AF09400880B4C /* AppFatalError.swift */ = {isa = PBXFileReference; lastKnownFileType = sourcecode.swift; path = AppFatalError.swift; sourceTree = "<group>"; };
		A645F0542C5AF5AF00880B4C /* AppTabsConfiguration.swift */ = {isa = PBXFileReference; lastKnownFileType = sourcecode.swift; path = AppTabsConfiguration.swift; sourceTree = "<group>"; };
		A64EA24F2C31ADD80094FB9F /* PaletteType.swift */ = {isa = PBXFileReference; lastKnownFileType = sourcecode.swift; path = PaletteType.swift; sourceTree = "<group>"; };
		A64EA2512C31C3480094FB9F /* Palette.swift */ = {isa = PBXFileReference; lastKnownFileType = sourcecode.swift; path = Palette.swift; sourceTree = "<group>"; };
		A64EA2532C31C3BA0094FB9F /* StandardPalette.swift */ = {isa = PBXFileReference; lastKnownFileType = sourcecode.swift; path = StandardPalette.swift; sourceTree = "<group>"; };
		A64EA2552C31C43B0094FB9F /* QueenPalette.swift */ = {isa = PBXFileReference; lastKnownFileType = sourcecode.swift; path = QueenPalette.swift; sourceTree = "<group>"; };
		A64FA5DF2C2101E300CC50C8 /* UserEntity.swift */ = {isa = PBXFileReference; lastKnownFileType = sourcecode.swift; path = UserEntity.swift; sourceTree = "<group>"; };
		A64FA5E12C21028B00CC50C8 /* StorageService.swift */ = {isa = PBXFileReference; lastKnownFileType = sourcecode.swift; path = StorageService.swift; sourceTree = "<group>"; };
		A64FA5E42C2103C200CC50C8 /* InitializeService.swift */ = {isa = PBXFileReference; lastKnownFileType = sourcecode.swift; path = InitializeService.swift; sourceTree = "<group>"; };
		A64FA5E72C21050A00CC50C8 /* StartAppView.swift */ = {isa = PBXFileReference; lastKnownFileType = sourcecode.swift; path = StartAppView.swift; sourceTree = "<group>"; };
		A64FA5EA2C21066000CC50C8 /* LaunchView.swift */ = {isa = PBXFileReference; lastKnownFileType = sourcecode.swift; path = LaunchView.swift; sourceTree = "<group>"; };
		A64FA5ED2C2109AD00CC50C8 /* LaunchAnimation.json */ = {isa = PBXFileReference; fileEncoding = 4; lastKnownFileType = text.json; path = LaunchAnimation.json; sourceTree = "<group>"; };
		A65CF6792C2A0D2E002D036A /* OnboardingView.swift */ = {isa = PBXFileReference; lastKnownFileType = sourcecode.swift; path = OnboardingView.swift; sourceTree = "<group>"; };
		A65CF67B2C2A14B1002D036A /* Localizable.xcstrings */ = {isa = PBXFileReference; lastKnownFileType = text.json.xcstrings; path = Localizable.xcstrings; sourceTree = "<group>"; };
		A65CF69D2C2A2607002D036A /* PlusJakartaSans-ExtraBold.ttf */ = {isa = PBXFileReference; lastKnownFileType = file; path = "PlusJakartaSans-ExtraBold.ttf"; sourceTree = "<group>"; };
		A65CF69E2C2A2607002D036A /* PlusJakartaSans-ExtraLight.ttf */ = {isa = PBXFileReference; lastKnownFileType = file; path = "PlusJakartaSans-ExtraLight.ttf"; sourceTree = "<group>"; };
		A65CF69F2C2A2607002D036A /* PlusJakartaSans-Medium.ttf */ = {isa = PBXFileReference; lastKnownFileType = file; path = "PlusJakartaSans-Medium.ttf"; sourceTree = "<group>"; };
		A65CF6A02C2A2607002D036A /* PlusJakartaSans-Light.ttf */ = {isa = PBXFileReference; lastKnownFileType = file; path = "PlusJakartaSans-Light.ttf"; sourceTree = "<group>"; };
		A65CF6A12C2A2607002D036A /* PlusJakartaSans-SemiBold.ttf */ = {isa = PBXFileReference; lastKnownFileType = file; path = "PlusJakartaSans-SemiBold.ttf"; sourceTree = "<group>"; };
		A65CF6A22C2A2607002D036A /* PlusJakartaSans-MediumItalic.ttf */ = {isa = PBXFileReference; lastKnownFileType = file; path = "PlusJakartaSans-MediumItalic.ttf"; sourceTree = "<group>"; };
		A65CF6A32C2A2607002D036A /* PlusJakartaSans-ExtraBoldItalic.ttf */ = {isa = PBXFileReference; lastKnownFileType = file; path = "PlusJakartaSans-ExtraBoldItalic.ttf"; sourceTree = "<group>"; };
		A65CF6A42C2A2607002D036A /* PlusJakartaSans-Regular.ttf */ = {isa = PBXFileReference; lastKnownFileType = file; path = "PlusJakartaSans-Regular.ttf"; sourceTree = "<group>"; };
		A65CF6A52C2A2607002D036A /* PlusJakartaSans-ExtraLightItalic.ttf */ = {isa = PBXFileReference; lastKnownFileType = file; path = "PlusJakartaSans-ExtraLightItalic.ttf"; sourceTree = "<group>"; };
		A65CF6A62C2A2607002D036A /* PlusJakartaSans-BoldItalic.ttf */ = {isa = PBXFileReference; lastKnownFileType = file; path = "PlusJakartaSans-BoldItalic.ttf"; sourceTree = "<group>"; };
		A65CF6A72C2A2607002D036A /* PlusJakartaSans-SemiBoldItalic.ttf */ = {isa = PBXFileReference; lastKnownFileType = file; path = "PlusJakartaSans-SemiBoldItalic.ttf"; sourceTree = "<group>"; };
		A65CF6A82C2A2607002D036A /* PlusJakartaSans-LightItalic.ttf */ = {isa = PBXFileReference; lastKnownFileType = file; path = "PlusJakartaSans-LightItalic.ttf"; sourceTree = "<group>"; };
		A65CF6A92C2A2607002D036A /* PlusJakartaSans-Italic.ttf */ = {isa = PBXFileReference; lastKnownFileType = file; path = "PlusJakartaSans-Italic.ttf"; sourceTree = "<group>"; };
		A65CF6AA2C2A2607002D036A /* PlusJakartaSans-Bold.ttf */ = {isa = PBXFileReference; lastKnownFileType = file; path = "PlusJakartaSans-Bold.ttf"; sourceTree = "<group>"; };
		A65CF6BA2C2A2986002D036A /* Jost-SemiBoldItalic.ttf */ = {isa = PBXFileReference; lastKnownFileType = file; path = "Jost-SemiBoldItalic.ttf"; sourceTree = "<group>"; };
		A65CF6BB2C2A2986002D036A /* Jost-ExtraBoldItalic.ttf */ = {isa = PBXFileReference; lastKnownFileType = file; path = "Jost-ExtraBoldItalic.ttf"; sourceTree = "<group>"; };
		A65CF6BC2C2A2986002D036A /* Jost-ExtraLightItalic.ttf */ = {isa = PBXFileReference; lastKnownFileType = file; path = "Jost-ExtraLightItalic.ttf"; sourceTree = "<group>"; };
		A65CF6BD2C2A2986002D036A /* Jost-Medium.ttf */ = {isa = PBXFileReference; lastKnownFileType = file; path = "Jost-Medium.ttf"; sourceTree = "<group>"; };
		A65CF6BE2C2A2986002D036A /* Jost-Light.ttf */ = {isa = PBXFileReference; lastKnownFileType = file; path = "Jost-Light.ttf"; sourceTree = "<group>"; };
		A65CF6BF2C2A2986002D036A /* Jost-BoldItalic.ttf */ = {isa = PBXFileReference; lastKnownFileType = file; path = "Jost-BoldItalic.ttf"; sourceTree = "<group>"; };
		A65CF6C02C2A2986002D036A /* Jost-Thin.ttf */ = {isa = PBXFileReference; lastKnownFileType = file; path = "Jost-Thin.ttf"; sourceTree = "<group>"; };
		A65CF6C12C2A2986002D036A /* Jost-Italic.ttf */ = {isa = PBXFileReference; lastKnownFileType = file; path = "Jost-Italic.ttf"; sourceTree = "<group>"; };
		A65CF6C22C2A2986002D036A /* Jost-SemiBold.ttf */ = {isa = PBXFileReference; lastKnownFileType = file; path = "Jost-SemiBold.ttf"; sourceTree = "<group>"; };
		A65CF6C32C2A2986002D036A /* Jost-ThinItalic.ttf */ = {isa = PBXFileReference; lastKnownFileType = file; path = "Jost-ThinItalic.ttf"; sourceTree = "<group>"; };
		A65CF6C42C2A2986002D036A /* Jost-MediumItalic.ttf */ = {isa = PBXFileReference; lastKnownFileType = file; path = "Jost-MediumItalic.ttf"; sourceTree = "<group>"; };
		A65CF6C52C2A2986002D036A /* Jost-Black.ttf */ = {isa = PBXFileReference; lastKnownFileType = file; path = "Jost-Black.ttf"; sourceTree = "<group>"; };
		A65CF6C62C2A2986002D036A /* Jost-ExtraLight.ttf */ = {isa = PBXFileReference; lastKnownFileType = file; path = "Jost-ExtraLight.ttf"; sourceTree = "<group>"; };
		A65CF6C72C2A2986002D036A /* Jost-BlackItalic.ttf */ = {isa = PBXFileReference; lastKnownFileType = file; path = "Jost-BlackItalic.ttf"; sourceTree = "<group>"; };
		A65CF6C82C2A2986002D036A /* Jost-Bold.ttf */ = {isa = PBXFileReference; lastKnownFileType = file; path = "Jost-Bold.ttf"; sourceTree = "<group>"; };
		A65CF6C92C2A2986002D036A /* Jost-LightItalic.ttf */ = {isa = PBXFileReference; lastKnownFileType = file; path = "Jost-LightItalic.ttf"; sourceTree = "<group>"; };
		A65CF6CA2C2A2986002D036A /* Jost-Regular.ttf */ = {isa = PBXFileReference; lastKnownFileType = file; path = "Jost-Regular.ttf"; sourceTree = "<group>"; };
		A65CF6CB2C2A2987002D036A /* Jost-ExtraBold.ttf */ = {isa = PBXFileReference; lastKnownFileType = file; path = "Jost-ExtraBold.ttf"; sourceTree = "<group>"; };
		A65CF6E02C2A30DD002D036A /* OnboardingViewModel.swift */ = {isa = PBXFileReference; lastKnownFileType = sourcecode.swift; path = OnboardingViewModel.swift; sourceTree = "<group>"; };
		A65CF6E22C2A316B002D036A /* OnboardingContentProvider.swift */ = {isa = PBXFileReference; lastKnownFileType = sourcecode.swift; path = OnboardingContentProvider.swift; sourceTree = "<group>"; };
		A65CF6E42C2A3176002D036A /* OnboardingPageItem.swift */ = {isa = PBXFileReference; lastKnownFileType = sourcecode.swift; path = OnboardingPageItem.swift; sourceTree = "<group>"; };
		A65CF6E92C2A3443002D036A /* Logger.swift */ = {isa = PBXFileReference; lastKnownFileType = sourcecode.swift; path = Logger.swift; sourceTree = "<group>"; };
		A65CF6EB2C2A3487002D036A /* LoggerMessageType.swift */ = {isa = PBXFileReference; lastKnownFileType = sourcecode.swift; path = LoggerMessageType.swift; sourceTree = "<group>"; };
		A65CF6ED2C2A35FE002D036A /* OnboardingTemplatePageItem.swift */ = {isa = PBXFileReference; lastKnownFileType = sourcecode.swift; path = OnboardingTemplatePageItem.swift; sourceTree = "<group>"; };
		A66713B02C2B861100DA2A06 /* UserService.swift */ = {isa = PBXFileReference; fileEncoding = 4; lastKnownFileType = sourcecode.swift; path = UserService.swift; sourceTree = "<group>"; };
		A66713B32C2B86AB00DA2A06 /* OnboardingTextPageView.swift */ = {isa = PBXFileReference; lastKnownFileType = sourcecode.swift; path = OnboardingTextPageView.swift; sourceTree = "<group>"; };
		A66713B62C2B928500DA2A06 /* OnboardingTemplatePageView.swift */ = {isa = PBXFileReference; lastKnownFileType = sourcecode.swift; path = OnboardingTemplatePageView.swift; sourceTree = "<group>"; };
		A66713BF2C2B93EE00DA2A06 /* ActionButtonStyle.swift */ = {isa = PBXFileReference; lastKnownFileType = sourcecode.swift; path = ActionButtonStyle.swift; sourceTree = "<group>"; };
		A66713C22C2B9C8F00DA2A06 /* OnboardingUserDataView.swift */ = {isa = PBXFileReference; lastKnownFileType = sourcecode.swift; path = OnboardingUserDataView.swift; sourceTree = "<group>"; };
		A66713C52C2CD69000DA2A06 /* UserGender.swift */ = {isa = PBXFileReference; lastKnownFileType = sourcecode.swift; path = UserGender.swift; sourceTree = "<group>"; };
		A66713CF2C2CF52100DA2A06 /* UserNameValidator.swift */ = {isa = PBXFileReference; lastKnownFileType = sourcecode.swift; path = UserNameValidator.swift; sourceTree = "<group>"; };
		A6765EA62C5C66DD0084CF5E /* NotionButton.swift */ = {isa = PBXFileReference; lastKnownFileType = sourcecode.swift; path = NotionButton.swift; sourceTree = "<group>"; };
		A67DABAA2C41F096001C9162 /* PreviewAssets.xcassets */ = {isa = PBXFileReference; lastKnownFileType = folder.assetcatalog; path = PreviewAssets.xcassets; sourceTree = "<group>"; };
		A699E0122C34B6310037656D /* SegmentedPicker.swift */ = {isa = PBXFileReference; lastKnownFileType = sourcecode.swift; path = SegmentedPicker.swift; sourceTree = "<group>"; };
		A6C11AD82C38BE0900980AC0 /* InterfaceSelectionView.swift */ = {isa = PBXFileReference; lastKnownFileType = sourcecode.swift; path = InterfaceSelectionView.swift; sourceTree = "<group>"; };
		A6DBC2432BBB04E90024653E /* DailyRecordEntity+Formatted.swift */ = {isa = PBXFileReference; lastKnownFileType = sourcecode.swift; path = "DailyRecordEntity+Formatted.swift"; sourceTree = "<group>"; };
		A6E041E62C5DB06E009F42FE /* TabBarConstants.swift */ = {isa = PBXFileReference; lastKnownFileType = sourcecode.swift; path = TabBarConstants.swift; sourceTree = "<group>"; };
		A6E041E82C5DB264009F42FE /* TabBarButton.swift */ = {isa = PBXFileReference; lastKnownFileType = sourcecode.swift; path = TabBarButton.swift; sourceTree = "<group>"; };
		A6E55C7A2C40A27F000C29DE /* PreviewDataController.swift */ = {isa = PBXFileReference; lastKnownFileType = sourcecode.swift; path = PreviewDataController.swift; sourceTree = "<group>"; };
		A6E55C7D2C40AE3D000C29DE /* UserAvatarView.swift */ = {isa = PBXFileReference; lastKnownFileType = sourcecode.swift; path = UserAvatarView.swift; sourceTree = "<group>"; };
		A6E732C32C2F43DE004F3CFC /* AppTextFieldStyle.swift */ = {isa = PBXFileReference; lastKnownFileType = sourcecode.swift; path = AppTextFieldStyle.swift; sourceTree = "<group>"; };
		A6EB16092C59884300AA1B33 /* AppAppearenceConfigurator.swift */ = {isa = PBXFileReference; lastKnownFileType = sourcecode.swift; path = AppAppearenceConfigurator.swift; sourceTree = "<group>"; };
		A6EB160E2C599BFA00AA1B33 /* TabBarShape.swift */ = {isa = PBXFileReference; lastKnownFileType = sourcecode.swift; path = TabBarShape.swift; sourceTree = "<group>"; };
		A6EB16122C599E3D00AA1B33 /* AppTabBarUnit.swift */ = {isa = PBXFileReference; lastKnownFileType = sourcecode.swift; path = AppTabBarUnit.swift; sourceTree = "<group>"; };
		A6EB16152C599F5600AA1B33 /* TabBarButtonItem.swift */ = {isa = PBXFileReference; lastKnownFileType = sourcecode.swift; path = TabBarButtonItem.swift; sourceTree = "<group>"; };
		A6EB16172C599F9300AA1B33 /* TabBarButtonItemProvider.swift */ = {isa = PBXFileReference; lastKnownFileType = sourcecode.swift; path = TabBarButtonItemProvider.swift; sourceTree = "<group>"; };
		A6ED87952C3ACDE600D02CB3 /* SegmentedPickerItem.swift */ = {isa = PBXFileReference; lastKnownFileType = sourcecode.swift; path = SegmentedPickerItem.swift; sourceTree = "<group>"; };
		A6ED87982C3AD0E500D02CB3 /* UserValidator.swift */ = {isa = PBXFileReference; lastKnownFileType = sourcecode.swift; path = UserValidator.swift; sourceTree = "<group>"; };
		A6F19BFC2C30E25E00A3068D /* OnboardingInterfaceSelectionView.swift */ = {isa = PBXFileReference; lastKnownFileType = sourcecode.swift; path = OnboardingInterfaceSelectionView.swift; sourceTree = "<group>"; };
/* End PBXFileReference section */

/* Begin PBXFrameworksBuildPhase section */
		A614A04E2B9555860058F72D /* Frameworks */ = {
			isa = PBXFrameworksBuildPhase;
			buildActionMask = 2147483647;
			files = (
			);
			runOnlyForDeploymentPostprocessing = 0;
		};
		A62137572C1F88A50054E13F /* Frameworks */ = {
			isa = PBXFrameworksBuildPhase;
			buildActionMask = 2147483647;
			files = (
			);
			runOnlyForDeploymentPostprocessing = 0;
		};
		A62A58D42B951936009E953F /* Frameworks */ = {
			isa = PBXFrameworksBuildPhase;
			buildActionMask = 2147483647;
			files = (
				A62137602C1F88A50054E13F /* BodyDiaryKit.framework in Frameworks */,
				A62A58F72B951B30009E953F /* Storage.framework in Frameworks */,
				A66713CC2C2CE68300DA2A06 /* PopupView in Frameworks */,
				A614A0572B9555860058F72D /* UserInterface.framework in Frameworks */,
				A63D70912C27256C00E96F03 /* Lottie in Frameworks */,
			);
			runOnlyForDeploymentPostprocessing = 0;
		};
		A62A58EE2B951B30009E953F /* Frameworks */ = {
			isa = PBXFrameworksBuildPhase;
			buildActionMask = 2147483647;
			files = (
			);
			runOnlyForDeploymentPostprocessing = 0;
		};
/* End PBXFrameworksBuildPhase section */

/* Begin PBXGroup section */
		A60218472C485E2000D84732 /* sectionSegue */ = {
			isa = PBXGroup;
			children = (
				A60218482C485EEB00D84732 /* SectionSegueView.swift */,
			);
			path = sectionSegue;
			sourceTree = "<group>";
		};
		A614A0522B9555860058F72D /* UserInterface */ = {
			isa = PBXGroup;
			children = (
				A621377B2C1F91230054E13F /* src */,
				A621377C2C1F92BE0054E13F /* res */,
				A614A0532B9555860058F72D /* UserInterface.h */,
			);
			path = UserInterface;
			sourceTree = "<group>";
		};
		A621374D2C1F77930054E13F /* settings */ = {
			isa = PBXGroup;
			children = (
				A6E55C7C2C40AC93000C29DE /* userAvatar */,
				A6C11AD72C38BDE100980AC0 /* interfaceSelection */,
				A621374E2C1F77A60054E13F /* SettingsView.swift */,
			);
			path = settings;
			sourceTree = "<group>";
		};
		A621375B2C1F88A50054E13F /* BodyDiaryKit */ = {
			isa = PBXGroup;
			children = (
				A62137652C1F88B40054E13F /* src */,
				A621375C2C1F88A50054E13F /* BodyDiaryKit.h */,
			);
			path = BodyDiaryKit;
			sourceTree = "<group>";
		};
		A62137652C1F88B40054E13F /* src */ = {
			isa = PBXGroup;
			children = (
				A65CF6E82C2A342D002D036A /* logger */,
				A63D70942C27889900E96F03 /* userDefaultWrapper */,
				A62137662C1F88C50054E13F /* dependencyContainer */,
				A645F0522C5AF09400880B4C /* AppFatalError.swift */,
			);
			path = src;
			sourceTree = "<group>";
		};
		A62137662C1F88C50054E13F /* dependencyContainer */ = {
			isa = PBXGroup;
			children = (
				A62137672C1F88C50054E13F /* DependencyManager.swift */,
				A62137682C1F88C50054E13F /* DependencyResolver.swift */,
				A62137692C1F88C50054E13F /* InjectedPropertyWrapper.swift */,
			);
			path = dependencyContainer;
			sourceTree = "<group>";
		};
		A621376F2C1F89A50054E13F /* services */ = {
			isa = PBXGroup;
			children = (
				A66713CE2C2CF51000DA2A06 /* validation */,
				A66713B02C2B861100DA2A06 /* UserService.swift */,
			);
			path = services;
			sourceTree = "<group>";
		};
		A62137782C1F8ED50054E13F /* extensions */ = {
			isa = PBXGroup;
			children = (
				A62137792C1F8EE10054E13F /* Color.swift */,
			);
			path = extensions;
			sourceTree = "<group>";
		};
		A621377B2C1F91230054E13F /* src */ = {
			isa = PBXGroup;
			children = (
				A66713B82C2B931A00DA2A06 /* atomic */,
			);
			path = src;
			sourceTree = "<group>";
		};
		A621377C2C1F92BE0054E13F /* res */ = {
			isa = PBXGroup;
			children = (
				A621377D2C1F92D20054E13F /* Colors.xcassets */,
			);
			path = res;
			sourceTree = "<group>";
		};
		A62A58CE2B951936009E953F = {
			isa = PBXGroup;
			children = (
				A62A58D92B951936009E953F /* BodyDiary */,
				A62A58F22B951B30009E953F /* Storage */,
				A614A0522B9555860058F72D /* UserInterface */,
				A621375B2C1F88A50054E13F /* BodyDiaryKit */,
				A62A58D82B951936009E953F /* Products */,
				A64FA5EF2C2109DE00CC50C8 /* Frameworks */,
			);
			sourceTree = "<group>";
		};
		A62A58D82B951936009E953F /* Products */ = {
			isa = PBXGroup;
			children = (
				A62A58D72B951936009E953F /* BodyDiary.app */,
				A62A58F12B951B30009E953F /* Storage.framework */,
				A614A0512B9555860058F72D /* UserInterface.framework */,
				A621375A2C1F88A50054E13F /* BodyDiaryKit.framework */,
			);
			name = Products;
			sourceTree = "<group>";
		};
		A62A58D92B951936009E953F /* BodyDiary */ = {
			isa = PBXGroup;
			children = (
				A6DBC2402BBB049E0024653E /* src */,
				A62A59042B953D98009E953F /* res */,
			);
			path = BodyDiary;
			sourceTree = "<group>";
		};
		A62A58E32B951937009E953F /* Preview Content */ = {
			isa = PBXGroup;
			children = (
				A62A58E42B951937009E953F /* Preview Assets.xcassets */,
			);
			path = "Preview Content";
			sourceTree = "<group>";
		};
		A62A58F22B951B30009E953F /* Storage */ = {
			isa = PBXGroup;
			children = (
				A62A58F32B951B30009E953F /* Storage.h */,
				A6E55C762C40A24F000C29DE /* src */,
				A67DABA92C41F051001C9162 /* res */,
			);
			path = Storage;
			sourceTree = "<group>";
		};
		A62A58FF2B951D85009E953F /* diary */ = {
			isa = PBXGroup;
			children = (
				A62A58DC2B951936009E953F /* DiaryView.swift */,
				A62A59012B951DA5009E953F /* DiaryViewModel.swift */,
			);
			path = diary;
			sourceTree = "<group>";
		};
		A62A59002B951D8D009E953F /* screens */ = {
			isa = PBXGroup;
			children = (
				A64FA5E92C2105C500CC50C8 /* start */,
				A62A58FF2B951D85009E953F /* diary */,
				A621374D2C1F77930054E13F /* settings */,
			);
			path = screens;
			sourceTree = "<group>";
		};
		A62A59042B953D98009E953F /* res */ = {
			isa = PBXGroup;
			children = (
				A65CF67E2C2A216A002D036A /* fonts */,
				A65CF67B2C2A14B1002D036A /* Localizable.xcstrings */,
				A64FA5ED2C2109AD00CC50C8 /* LaunchAnimation.json */,
				A62A58E02B951937009E953F /* Assets.xcassets */,
				A62A58E22B951937009E953F /* BodyDiary.entitlements */,
				A62A58E62B951937009E953F /* Info.plist */,
				A62A58E32B951937009E953F /* Preview Content */,
			);
			path = res;
			sourceTree = "<group>";
		};
		A63D70942C27889900E96F03 /* userDefaultWrapper */ = {
			isa = PBXGroup;
			children = (
				A63D70952C2788B500E96F03 /* UserDefaultsPropertyWrapper.swift */,
			);
			path = userDefaultWrapper;
			sourceTree = "<group>";
		};
		A645F0512C5AE0FA00880B4C /* provider */ = {
			isa = PBXGroup;
			children = (
				A645F04D2C5ADF9B00880B4C /* AppConfiguration.swift */,
				A645F04F2C5AE03100880B4C /* AppConfigurationProvider.swift */,
			);
			path = provider;
			sourceTree = "<group>";
		};
		A64EA24E2C31ADB10094FB9F /* palette */ = {
			isa = PBXGroup;
			children = (
				A6E041EB2C5DB486009F42FE /* service */,
				A64EA2512C31C3480094FB9F /* Palette.swift */,
				A64EA2532C31C3BA0094FB9F /* StandardPalette.swift */,
				A64EA2552C31C43B0094FB9F /* QueenPalette.swift */,
			);
			path = palette;
			sourceTree = "<group>";
		};
		A64FA5E32C21031E00CC50C8 /* onboarding */ = {
			isa = PBXGroup;
			children = (
				A66713B22C2B867300DA2A06 /* content */,
				A65CF6792C2A0D2E002D036A /* OnboardingView.swift */,
				A65CF6E02C2A30DD002D036A /* OnboardingViewModel.swift */,
			);
			path = onboarding;
			sourceTree = "<group>";
		};
		A64FA5E92C2105C500CC50C8 /* start */ = {
			isa = PBXGroup;
			children = (
				A64FA5E32C21031E00CC50C8 /* onboarding */,
				A64FA5E72C21050A00CC50C8 /* StartAppView.swift */,
				A64FA5EA2C21066000CC50C8 /* LaunchView.swift */,
				A6EB160D2C599B1A00AA1B33 /* tabBar */,
			);
			path = start;
			sourceTree = "<group>";
		};
		A64FA5EF2C2109DE00CC50C8 /* Frameworks */ = {
			isa = PBXGroup;
			children = (
			);
			name = Frameworks;
			sourceTree = "<group>";
		};
		A65CF67E2C2A216A002D036A /* fonts */ = {
			isa = PBXGroup;
			children = (
				A65CF6B92C2A2968002D036A /* jost */,
				A65CF69C2C2A25F4002D036A /* plusJakartaSans */,
			);
			path = fonts;
			sourceTree = "<group>";
		};
		A65CF69C2C2A25F4002D036A /* plusJakartaSans */ = {
			isa = PBXGroup;
			children = (
				A65CF6AA2C2A2607002D036A /* PlusJakartaSans-Bold.ttf */,
				A65CF6A62C2A2607002D036A /* PlusJakartaSans-BoldItalic.ttf */,
				A65CF69D2C2A2607002D036A /* PlusJakartaSans-ExtraBold.ttf */,
				A65CF6A32C2A2607002D036A /* PlusJakartaSans-ExtraBoldItalic.ttf */,
				A65CF69E2C2A2607002D036A /* PlusJakartaSans-ExtraLight.ttf */,
				A65CF6A52C2A2607002D036A /* PlusJakartaSans-ExtraLightItalic.ttf */,
				A65CF6A92C2A2607002D036A /* PlusJakartaSans-Italic.ttf */,
				A65CF6A02C2A2607002D036A /* PlusJakartaSans-Light.ttf */,
				A65CF6A82C2A2607002D036A /* PlusJakartaSans-LightItalic.ttf */,
				A65CF69F2C2A2607002D036A /* PlusJakartaSans-Medium.ttf */,
				A65CF6A22C2A2607002D036A /* PlusJakartaSans-MediumItalic.ttf */,
				A65CF6A42C2A2607002D036A /* PlusJakartaSans-Regular.ttf */,
				A65CF6A12C2A2607002D036A /* PlusJakartaSans-SemiBold.ttf */,
				A65CF6A72C2A2607002D036A /* PlusJakartaSans-SemiBoldItalic.ttf */,
			);
			path = plusJakartaSans;
			sourceTree = "<group>";
		};
		A65CF6B92C2A2968002D036A /* jost */ = {
			isa = PBXGroup;
			children = (
				A65CF6C52C2A2986002D036A /* Jost-Black.ttf */,
				A65CF6C72C2A2986002D036A /* Jost-BlackItalic.ttf */,
				A65CF6C82C2A2986002D036A /* Jost-Bold.ttf */,
				A65CF6BF2C2A2986002D036A /* Jost-BoldItalic.ttf */,
				A65CF6CB2C2A2987002D036A /* Jost-ExtraBold.ttf */,
				A65CF6BB2C2A2986002D036A /* Jost-ExtraBoldItalic.ttf */,
				A65CF6C62C2A2986002D036A /* Jost-ExtraLight.ttf */,
				A65CF6BC2C2A2986002D036A /* Jost-ExtraLightItalic.ttf */,
				A65CF6C12C2A2986002D036A /* Jost-Italic.ttf */,
				A65CF6BE2C2A2986002D036A /* Jost-Light.ttf */,
				A65CF6C92C2A2986002D036A /* Jost-LightItalic.ttf */,
				A65CF6BD2C2A2986002D036A /* Jost-Medium.ttf */,
				A65CF6C42C2A2986002D036A /* Jost-MediumItalic.ttf */,
				A65CF6CA2C2A2986002D036A /* Jost-Regular.ttf */,
				A65CF6C22C2A2986002D036A /* Jost-SemiBold.ttf */,
				A65CF6BA2C2A2986002D036A /* Jost-SemiBoldItalic.ttf */,
				A65CF6C02C2A2986002D036A /* Jost-Thin.ttf */,
				A65CF6C32C2A2986002D036A /* Jost-ThinItalic.ttf */,
			);
			path = jost;
			sourceTree = "<group>";
		};
		A65CF6E82C2A342D002D036A /* logger */ = {
			isa = PBXGroup;
			children = (
				A65CF6E92C2A3443002D036A /* Logger.swift */,
				A65CF6EB2C2A3487002D036A /* LoggerMessageType.swift */,
			);
			path = logger;
			sourceTree = "<group>";
		};
		A66713B22C2B867300DA2A06 /* content */ = {
			isa = PBXGroup;
			children = (
				A66713B52C2B86B100DA2A06 /* pages */,
				A65CF6E22C2A316B002D036A /* OnboardingContentProvider.swift */,
				A65CF6E42C2A3176002D036A /* OnboardingPageItem.swift */,
				A65CF6ED2C2A35FE002D036A /* OnboardingTemplatePageItem.swift */,
				A66713B62C2B928500DA2A06 /* OnboardingTemplatePageView.swift */,
			);
			path = content;
			sourceTree = "<group>";
		};
		A66713B52C2B86B100DA2A06 /* pages */ = {
			isa = PBXGroup;
			children = (
				A66713B32C2B86AB00DA2A06 /* OnboardingTextPageView.swift */,
				A66713C22C2B9C8F00DA2A06 /* OnboardingUserDataView.swift */,
				A6F19BFC2C30E25E00A3068D /* OnboardingInterfaceSelectionView.swift */,
			);
			path = pages;
			sourceTree = "<group>";
		};
		A66713B82C2B931A00DA2A06 /* atomic */ = {
			isa = PBXGroup;
			children = (
				A62137722C1F89F20054E13F /* UserInterfaceService.swift */,
				A62137742C1F8A1E0054E13F /* Fonts.swift */,
				A64EA24E2C31ADB10094FB9F /* palette */,
				A62137782C1F8ED50054E13F /* extensions */,
			);
			path = atomic;
			sourceTree = "<group>";
		};
		A66713BD2C2B93C400DA2A06 /* ui */ = {
			isa = PBXGroup;
			children = (
				A66713BE2C2B93CB00DA2A06 /* components */,
				A62A59002B951D8D009E953F /* screens */,
			);
			path = ui;
			sourceTree = "<group>";
		};
		A66713BE2C2B93CB00DA2A06 /* components */ = {
			isa = PBXGroup;
			children = (
				A66713C12C2B949900DA2A06 /* styles */,
				A6765EA42C5C66BD0084CF5E /* views */,
			);
			path = components;
			sourceTree = "<group>";
		};
		A66713C12C2B949900DA2A06 /* styles */ = {
			isa = PBXGroup;
			children = (
				A66713BF2C2B93EE00DA2A06 /* ActionButtonStyle.swift */,
				A6E732C32C2F43DE004F3CFC /* AppTextFieldStyle.swift */,
			);
			path = styles;
			sourceTree = "<group>";
		};
		A66713C42C2CD66E00DA2A06 /* user */ = {
			isa = PBXGroup;
			children = (
				A64FA5DF2C2101E300CC50C8 /* UserEntity.swift */,
				A66713C52C2CD69000DA2A06 /* UserGender.swift */,
			);
			path = user;
			sourceTree = "<group>";
		};
		A66713CE2C2CF51000DA2A06 /* validation */ = {
			isa = PBXGroup;
			children = (
				A6ED87972C3AD0DE00D02CB3 /* user */,
			);
			path = validation;
			sourceTree = "<group>";
		};
		A6765EA42C5C66BD0084CF5E /* views */ = {
			isa = PBXGroup;
			children = (
				A6EB16142C599E8D00AA1B33 /* tabBar */,
				A60218472C485E2000D84732 /* sectionSegue */,
				A6ED87942C3ACDC600D02CB3 /* segmentedPicker */,
			);
			path = views;
			sourceTree = "<group>";
		};
		A6765EA52C5C66D30084CF5E /* notionButton */ = {
			isa = PBXGroup;
			children = (
				A6765EA62C5C66DD0084CF5E /* NotionButton.swift */,
			);
			path = notionButton;
			sourceTree = "<group>";
		};
		A67DABA92C41F051001C9162 /* res */ = {
			isa = PBXGroup;
			children = (
				A67DABAA2C41F096001C9162 /* PreviewAssets.xcassets */,
			);
			path = res;
			sourceTree = "<group>";
		};
		A6C11AD72C38BDE100980AC0 /* interfaceSelection */ = {
			isa = PBXGroup;
			children = (
				A6C11AD82C38BE0900980AC0 /* InterfaceSelectionView.swift */,
			);
			path = interfaceSelection;
			sourceTree = "<group>";
		};
		A6DBC23F2BBB04790024653E /* extensions */ = {
			isa = PBXGroup;
			children = (
				A6DBC2422BBB04DC0024653E /* storage */,
			);
			path = extensions;
			sourceTree = "<group>";
		};
		A6DBC2402BBB049E0024653E /* src */ = {
			isa = PBXGroup;
			children = (
				A6DBC2412BBB04AA0024653E /* app */,
				A66713BD2C2B93C400DA2A06 /* ui */,
				A621376F2C1F89A50054E13F /* services */,
				A6DBC23F2BBB04790024653E /* extensions */,
			);
			path = src;
			sourceTree = "<group>";
		};
		A6DBC2412BBB04AA0024653E /* app */ = {
			isa = PBXGroup;
			children = (
				A6EB16082C59881D00AA1B33 /* config */,
				A62A58DA2B951936009E953F /* BodyDiaryApp.swift */,
			);
			path = app;
			sourceTree = "<group>";
		};
		A6DBC2422BBB04DC0024653E /* storage */ = {
			isa = PBXGroup;
			children = (
				A6DBC2432BBB04E90024653E /* DailyRecordEntity+Formatted.swift */,
			);
			path = storage;
			sourceTree = "<group>";
		};
		A6E041EB2C5DB486009F42FE /* service */ = {
			isa = PBXGroup;
			children = (
				A62137762C1F8A350054E13F /* ColorsService.swift */,
				A64EA24F2C31ADD80094FB9F /* PaletteType.swift */,
			);
			path = service;
			sourceTree = "<group>";
		};
		A6E55C762C40A24F000C29DE /* src */ = {
			isa = PBXGroup;
			children = (
				A6E55C792C40A26C000C29DE /* previews */,
				A6E55C782C40A266000C29DE /* core */,
			);
			path = src;
			sourceTree = "<group>";
		};
		A6E55C772C40A257000C29DE /* entities */ = {
			isa = PBXGroup;
			children = (
				A64FA5E12C21028B00CC50C8 /* StorageService.swift */,
				A62A58FD2B951B7B009E953F /* DailyRecordEntity.swift */,
				A66713C42C2CD66E00DA2A06 /* user */,
			);
			path = entities;
			sourceTree = "<group>";
		};
		A6E55C782C40A266000C29DE /* core */ = {
			isa = PBXGroup;
			children = (
				A6E55C772C40A257000C29DE /* entities */,
			);
			path = core;
			sourceTree = "<group>";
		};
		A6E55C792C40A26C000C29DE /* previews */ = {
			isa = PBXGroup;
			children = (
				A6E55C7A2C40A27F000C29DE /* PreviewDataController.swift */,
			);
			path = previews;
			sourceTree = "<group>";
		};
		A6E55C7C2C40AC93000C29DE /* userAvatar */ = {
			isa = PBXGroup;
			children = (
				A6E55C7D2C40AE3D000C29DE /* UserAvatarView.swift */,
			);
			path = userAvatar;
			sourceTree = "<group>";
		};
		A6EB16082C59881D00AA1B33 /* config */ = {
			isa = PBXGroup;
			children = (
				A645F0512C5AE0FA00880B4C /* provider */,
				A621376D2C1F895B0054E13F /* AppConfigurator.swift */,
				A6EB16092C59884300AA1B33 /* AppAppearenceConfigurator.swift */,
				A62137702C1F89BA0054E13F /* ServicesFactory.swift */,
				A64FA5E42C2103C200CC50C8 /* InitializeService.swift */,
			);
			path = config;
			sourceTree = "<group>";
		};
		A6EB160D2C599B1A00AA1B33 /* tabBar */ = {
			isa = PBXGroup;
			children = (
				A62137502C1F78140054E13F /* AppTabBarView.swift */,
				A6EB16122C599E3D00AA1B33 /* AppTabBarUnit.swift */,
				A645F0542C5AF5AF00880B4C /* AppTabsConfiguration.swift */,
			);
			path = tabBar;
			sourceTree = "<group>";
		};
		A6EB16142C599E8D00AA1B33 /* tabBar */ = {
			isa = PBXGroup;
			children = (
				A6765EA52C5C66D30084CF5E /* notionButton */,
				A6EB160E2C599BFA00AA1B33 /* TabBarShape.swift */,
				A6E041E62C5DB06E009F42FE /* TabBarConstants.swift */,
				A6E041E82C5DB264009F42FE /* TabBarButton.swift */,
				A6EB16152C599F5600AA1B33 /* TabBarButtonItem.swift */,
				A6EB16172C599F9300AA1B33 /* TabBarButtonItemProvider.swift */,
			);
			path = tabBar;
			sourceTree = "<group>";
		};
		A6ED87942C3ACDC600D02CB3 /* segmentedPicker */ = {
			isa = PBXGroup;
			children = (
				A699E0122C34B6310037656D /* SegmentedPicker.swift */,
				A6ED87952C3ACDE600D02CB3 /* SegmentedPickerItem.swift */,
			);
			path = segmentedPicker;
			sourceTree = "<group>";
		};
		A6ED87972C3AD0DE00D02CB3 /* user */ = {
			isa = PBXGroup;
			children = (
				A66713CF2C2CF52100DA2A06 /* UserNameValidator.swift */,
				A6ED87982C3AD0E500D02CB3 /* UserValidator.swift */,
			);
			path = user;
			sourceTree = "<group>";
		};
/* End PBXGroup section */

/* Begin PBXHeadersBuildPhase section */
		A614A04C2B9555860058F72D /* Headers */ = {
			isa = PBXHeadersBuildPhase;
			buildActionMask = 2147483647;
			files = (
				A614A0542B9555860058F72D /* UserInterface.h in Headers */,
			);
			runOnlyForDeploymentPostprocessing = 0;
		};
		A62137552C1F88A50054E13F /* Headers */ = {
			isa = PBXHeadersBuildPhase;
			buildActionMask = 2147483647;
			files = (
				A621375D2C1F88A50054E13F /* BodyDiaryKit.h in Headers */,
			);
			runOnlyForDeploymentPostprocessing = 0;
		};
		A62A58EC2B951B30009E953F /* Headers */ = {
			isa = PBXHeadersBuildPhase;
			buildActionMask = 2147483647;
			files = (
				A62A58F42B951B30009E953F /* Storage.h in Headers */,
			);
			runOnlyForDeploymentPostprocessing = 0;
		};
/* End PBXHeadersBuildPhase section */

/* Begin PBXNativeTarget section */
		A614A0502B9555860058F72D /* UserInterface */ = {
			isa = PBXNativeTarget;
			buildConfigurationList = A614A0592B9555860058F72D /* Build configuration list for PBXNativeTarget "UserInterface" */;
			buildPhases = (
				A614A04C2B9555860058F72D /* Headers */,
				A614A04D2B9555860058F72D /* Sources */,
				A614A04E2B9555860058F72D /* Frameworks */,
				A614A04F2B9555860058F72D /* Resources */,
			);
			buildRules = (
			);
			dependencies = (
			);
			name = UserInterface;
			productName = UserInterface;
			productReference = A614A0512B9555860058F72D /* UserInterface.framework */;
			productType = "com.apple.product-type.framework";
		};
		A62137592C1F88A50054E13F /* BodyDiaryKit */ = {
			isa = PBXNativeTarget;
			buildConfigurationList = A62137622C1F88A50054E13F /* Build configuration list for PBXNativeTarget "BodyDiaryKit" */;
			buildPhases = (
				A62137552C1F88A50054E13F /* Headers */,
				A62137562C1F88A50054E13F /* Sources */,
				A62137572C1F88A50054E13F /* Frameworks */,
				A62137582C1F88A50054E13F /* Resources */,
			);
			buildRules = (
			);
			dependencies = (
			);
			name = BodyDiaryKit;
			productName = BodyDiaryKit;
			productReference = A621375A2C1F88A50054E13F /* BodyDiaryKit.framework */;
			productType = "com.apple.product-type.framework";
		};
		A62A58D62B951936009E953F /* BodyDiary */ = {
			isa = PBXNativeTarget;
			buildConfigurationList = A62A58E92B951937009E953F /* Build configuration list for PBXNativeTarget "BodyDiary" */;
			buildPhases = (
				A62A58D32B951936009E953F /* Sources */,
				A62A58D42B951936009E953F /* Frameworks */,
				A62A58D52B951936009E953F /* Resources */,
				A62A58F92B951B30009E953F /* Embed Frameworks */,
			);
			buildRules = (
			);
			dependencies = (
				A62A58F62B951B30009E953F /* PBXTargetDependency */,
				A614A0562B9555860058F72D /* PBXTargetDependency */,
				A621375F2C1F88A50054E13F /* PBXTargetDependency */,
			);
			name = BodyDiary;
			packageProductDependencies = (
				A63D70902C27256C00E96F03 /* Lottie */,
				A66713CB2C2CE68300DA2A06 /* PopupView */,
			);
			productName = BodyDiary;
			productReference = A62A58D72B951936009E953F /* BodyDiary.app */;
			productType = "com.apple.product-type.application";
		};
		A62A58F02B951B30009E953F /* Storage */ = {
			isa = PBXNativeTarget;
			buildConfigurationList = A62A58FC2B951B30009E953F /* Build configuration list for PBXNativeTarget "Storage" */;
			buildPhases = (
				A62A58EC2B951B30009E953F /* Headers */,
				A62A58ED2B951B30009E953F /* Sources */,
				A62A58EE2B951B30009E953F /* Frameworks */,
				A62A58EF2B951B30009E953F /* Resources */,
			);
			buildRules = (
			);
			dependencies = (
			);
			name = Storage;
			productName = Storage;
			productReference = A62A58F12B951B30009E953F /* Storage.framework */;
			productType = "com.apple.product-type.framework";
		};
/* End PBXNativeTarget section */

/* Begin PBXProject section */
		A62A58CF2B951936009E953F /* Project object */ = {
			isa = PBXProject;
			attributes = {
				BuildIndependentTargetsInParallel = 1;
				LastSwiftUpdateCheck = 1510;
				LastUpgradeCheck = 1510;
				TargetAttributes = {
					A614A0502B9555860058F72D = {
						CreatedOnToolsVersion = 15.1;
						LastSwiftMigration = 1520;
					};
					A62137592C1F88A50054E13F = {
						CreatedOnToolsVersion = 15.2;
					};
					A62A58D62B951936009E953F = {
						CreatedOnToolsVersion = 15.1;
					};
					A62A58F02B951B30009E953F = {
						CreatedOnToolsVersion = 15.1;
						LastSwiftMigration = 1510;
					};
				};
			};
			buildConfigurationList = A62A58D22B951936009E953F /* Build configuration list for PBXProject "BodyDiary" */;
			compatibilityVersion = "Xcode 14.0";
			developmentRegion = en;
			hasScannedForEncodings = 0;
			knownRegions = (
				en,
				Base,
			);
			mainGroup = A62A58CE2B951936009E953F;
			packageReferences = (
				A64FA5EC2C21089A00CC50C8 /* XCRemoteSwiftPackageReference "lottie-ios" */,
				A66713CA2C2CE68300DA2A06 /* XCRemoteSwiftPackageReference "PopupView" */,
			);
			productRefGroup = A62A58D82B951936009E953F /* Products */;
			projectDirPath = "";
			projectRoot = "";
			targets = (
				A62A58D62B951936009E953F /* BodyDiary */,
				A62A58F02B951B30009E953F /* Storage */,
				A614A0502B9555860058F72D /* UserInterface */,
				A62137592C1F88A50054E13F /* BodyDiaryKit */,
			);
		};
/* End PBXProject section */

/* Begin PBXResourcesBuildPhase section */
		A614A04F2B9555860058F72D /* Resources */ = {
			isa = PBXResourcesBuildPhase;
			buildActionMask = 2147483647;
			files = (
				A621377E2C1F92D20054E13F /* Colors.xcassets in Resources */,
			);
			runOnlyForDeploymentPostprocessing = 0;
		};
		A62137582C1F88A50054E13F /* Resources */ = {
			isa = PBXResourcesBuildPhase;
			buildActionMask = 2147483647;
			files = (
			);
			runOnlyForDeploymentPostprocessing = 0;
		};
		A62A58D52B951936009E953F /* Resources */ = {
			isa = PBXResourcesBuildPhase;
			buildActionMask = 2147483647;
			files = (
				A65CF6B52C2A2607002D036A /* PlusJakartaSans-SemiBoldItalic.ttf in Resources */,
				A62A58E52B951937009E953F /* Preview Assets.xcassets in Resources */,
				A65CF6D42C2A2987002D036A /* Jost-SemiBold.ttf in Resources */,
				A65CF6D32C2A2987002D036A /* Jost-Italic.ttf in Resources */,
				A65CF6B42C2A2607002D036A /* PlusJakartaSans-BoldItalic.ttf in Resources */,
				A65CF6D22C2A2987002D036A /* Jost-Thin.ttf in Resources */,
				A65CF6D12C2A2987002D036A /* Jost-BoldItalic.ttf in Resources */,
				A65CF6CF2C2A2987002D036A /* Jost-Medium.ttf in Resources */,
				A65CF6B32C2A2607002D036A /* PlusJakartaSans-ExtraLightItalic.ttf in Resources */,
				A65CF6D52C2A2987002D036A /* Jost-ThinItalic.ttf in Resources */,
				A65CF6B22C2A2607002D036A /* PlusJakartaSans-Regular.ttf in Resources */,
				A65CF6AE2C2A2607002D036A /* PlusJakartaSans-Light.ttf in Resources */,
				A65CF6AB2C2A2607002D036A /* PlusJakartaSans-ExtraBold.ttf in Resources */,
				A65CF6CC2C2A2987002D036A /* Jost-SemiBoldItalic.ttf in Resources */,
				A65CF6D62C2A2987002D036A /* Jost-MediumItalic.ttf in Resources */,
				A65CF6DA2C2A2987002D036A /* Jost-Bold.ttf in Resources */,
				A64FA5EE2C2109AD00CC50C8 /* LaunchAnimation.json in Resources */,
				A65CF6D92C2A2987002D036A /* Jost-BlackItalic.ttf in Resources */,
				A65CF6D72C2A2987002D036A /* Jost-Black.ttf in Resources */,
				A65CF6AF2C2A2607002D036A /* PlusJakartaSans-SemiBold.ttf in Resources */,
				A65CF6DD2C2A2987002D036A /* Jost-ExtraBold.ttf in Resources */,
				A65CF6B82C2A2607002D036A /* PlusJakartaSans-Bold.ttf in Resources */,
				A65CF6AD2C2A2607002D036A /* PlusJakartaSans-Medium.ttf in Resources */,
				A65CF6CD2C2A2987002D036A /* Jost-ExtraBoldItalic.ttf in Resources */,
				A65CF67C2C2A14B1002D036A /* Localizable.xcstrings in Resources */,
				A65CF6DC2C2A2987002D036A /* Jost-Regular.ttf in Resources */,
				A65CF6B72C2A2607002D036A /* PlusJakartaSans-Italic.ttf in Resources */,
				A65CF6DB2C2A2987002D036A /* Jost-LightItalic.ttf in Resources */,
				A65CF6AC2C2A2607002D036A /* PlusJakartaSans-ExtraLight.ttf in Resources */,
				A65CF6CE2C2A2987002D036A /* Jost-ExtraLightItalic.ttf in Resources */,
				A65CF6D02C2A2987002D036A /* Jost-Light.ttf in Resources */,
				A65CF6B12C2A2607002D036A /* PlusJakartaSans-ExtraBoldItalic.ttf in Resources */,
				A65CF6B62C2A2607002D036A /* PlusJakartaSans-LightItalic.ttf in Resources */,
				A65CF6B02C2A2607002D036A /* PlusJakartaSans-MediumItalic.ttf in Resources */,
				A62A58E12B951937009E953F /* Assets.xcassets in Resources */,
				A65CF6D82C2A2987002D036A /* Jost-ExtraLight.ttf in Resources */,
			);
			runOnlyForDeploymentPostprocessing = 0;
		};
		A62A58EF2B951B30009E953F /* Resources */ = {
			isa = PBXResourcesBuildPhase;
			buildActionMask = 2147483647;
			files = (
				A67DABAB2C41F096001C9162 /* PreviewAssets.xcassets in Resources */,
			);
			runOnlyForDeploymentPostprocessing = 0;
		};
/* End PBXResourcesBuildPhase section */

/* Begin PBXSourcesBuildPhase section */
		A614A04D2B9555860058F72D /* Sources */ = {
			isa = PBXSourcesBuildPhase;
			buildActionMask = 2147483647;
			files = (
				A62137752C1F8A1E0054E13F /* Fonts.swift in Sources */,
				A621377A2C1F8EE10054E13F /* Color.swift in Sources */,
				A64EA2562C31C43B0094FB9F /* QueenPalette.swift in Sources */,
				A64EA2502C31ADD80094FB9F /* PaletteType.swift in Sources */,
				A64EA2522C31C3480094FB9F /* Palette.swift in Sources */,
				A62137772C1F8A350054E13F /* ColorsService.swift in Sources */,
				A64EA2542C31C3BA0094FB9F /* StandardPalette.swift in Sources */,
				A62137732C1F89F20054E13F /* UserInterfaceService.swift in Sources */,
			);
			runOnlyForDeploymentPostprocessing = 0;
		};
		A62137562C1F88A50054E13F /* Sources */ = {
			isa = PBXSourcesBuildPhase;
			buildActionMask = 2147483647;
			files = (
				A65CF6EA2C2A3443002D036A /* Logger.swift in Sources */,
				A621376B2C1F88C50054E13F /* DependencyResolver.swift in Sources */,
				A621376A2C1F88C50054E13F /* DependencyManager.swift in Sources */,
				A65CF6EC2C2A3487002D036A /* LoggerMessageType.swift in Sources */,
				A621376C2C1F88C50054E13F /* InjectedPropertyWrapper.swift in Sources */,
				A63D70962C2788B500E96F03 /* UserDefaultsPropertyWrapper.swift in Sources */,
				A645F0532C5AF09400880B4C /* AppFatalError.swift in Sources */,
			);
			runOnlyForDeploymentPostprocessing = 0;
		};
		A62A58D32B951936009E953F /* Sources */ = {
			isa = PBXSourcesBuildPhase;
			buildActionMask = 2147483647;
			files = (
				A6E55C7E2C40AE3D000C29DE /* UserAvatarView.swift in Sources */,
				A66713B72C2B928500DA2A06 /* OnboardingTemplatePageView.swift in Sources */,
				A65CF6E52C2A3176002D036A /* OnboardingPageItem.swift in Sources */,
				A6ED87992C3AD0E500D02CB3 /* UserValidator.swift in Sources */,
				A6EB16162C599F5600AA1B33 /* TabBarButtonItem.swift in Sources */,
				A66713B12C2B861100DA2A06 /* UserService.swift in Sources */,
				A6765EA72C5C66DD0084CF5E /* NotionButton.swift in Sources */,
				A65CF6EE2C2A35FE002D036A /* OnboardingTemplatePageItem.swift in Sources */,
				A6E041E72C5DB06E009F42FE /* TabBarConstants.swift in Sources */,
				A6E732C42C2F43DE004F3CFC /* AppTextFieldStyle.swift in Sources */,
				A64FA5EB2C21066000CC50C8 /* LaunchView.swift in Sources */,
				A66713B42C2B86AB00DA2A06 /* OnboardingTextPageView.swift in Sources */,
				A645F0552C5AF5AF00880B4C /* AppTabsConfiguration.swift in Sources */,
				A6EB160A2C59884300AA1B33 /* AppAppearenceConfigurator.swift in Sources */,
				A621374F2C1F77A60054E13F /* SettingsView.swift in Sources */,
				A66713C32C2B9C8F00DA2A06 /* OnboardingUserDataView.swift in Sources */,
				A6EB160F2C599BFA00AA1B33 /* TabBarShape.swift in Sources */,
				A65CF6E32C2A316B002D036A /* OnboardingContentProvider.swift in Sources */,
				A6F19BFD2C30E25E00A3068D /* OnboardingInterfaceSelectionView.swift in Sources */,
				A6DBC2442BBB04E90024653E /* DailyRecordEntity+Formatted.swift in Sources */,
				A64FA5E82C21050A00CC50C8 /* StartAppView.swift in Sources */,
				A645F04E2C5ADF9B00880B4C /* AppConfiguration.swift in Sources */,
				A699E0132C34B6310037656D /* SegmentedPicker.swift in Sources */,
				A6E041E92C5DB264009F42FE /* TabBarButton.swift in Sources */,
				A6EB16132C599E3D00AA1B33 /* AppTabBarUnit.swift in Sources */,
				A6C11AD92C38BE0900980AC0 /* InterfaceSelectionView.swift in Sources */,
				A66713D02C2CF52100DA2A06 /* UserNameValidator.swift in Sources */,
				A62137512C1F78140054E13F /* AppTabBarView.swift in Sources */,
				A62A59022B951DA5009E953F /* DiaryViewModel.swift in Sources */,
				A65CF67A2C2A0D2E002D036A /* OnboardingView.swift in Sources */,
				A62A58DD2B951936009E953F /* DiaryView.swift in Sources */,
				A65CF6E12C2A30DD002D036A /* OnboardingViewModel.swift in Sources */,
				A62A58DB2B951936009E953F /* BodyDiaryApp.swift in Sources */,
				A6EB16182C599F9300AA1B33 /* TabBarButtonItemProvider.swift in Sources */,
				A621376E2C1F895B0054E13F /* AppConfigurator.swift in Sources */,
				A62137712C1F89BA0054E13F /* ServicesFactory.swift in Sources */,
				A645F0502C5AE03100880B4C /* AppConfigurationProvider.swift in Sources */,
				A60218492C485EEB00D84732 /* SectionSegueView.swift in Sources */,
				A6ED87962C3ACDE600D02CB3 /* SegmentedPickerItem.swift in Sources */,
				A64FA5E52C2103C200CC50C8 /* InitializeService.swift in Sources */,
				A66713C02C2B93EE00DA2A06 /* ActionButtonStyle.swift in Sources */,
			);
			runOnlyForDeploymentPostprocessing = 0;
		};
		A62A58ED2B951B30009E953F /* Sources */ = {
			isa = PBXSourcesBuildPhase;
			buildActionMask = 2147483647;
			files = (
				A62A58FE2B951B7B009E953F /* DailyRecordEntity.swift in Sources */,
				A64FA5E02C2101E300CC50C8 /* UserEntity.swift in Sources */,
				A64FA5E22C21028B00CC50C8 /* StorageService.swift in Sources */,
				A66713C62C2CD69000DA2A06 /* UserGender.swift in Sources */,
				A6E55C7B2C40A27F000C29DE /* PreviewDataController.swift in Sources */,
			);
			runOnlyForDeploymentPostprocessing = 0;
		};
/* End PBXSourcesBuildPhase section */

/* Begin PBXTargetDependency section */
		A614A0562B9555860058F72D /* PBXTargetDependency */ = {
			isa = PBXTargetDependency;
			target = A614A0502B9555860058F72D /* UserInterface */;
			targetProxy = A614A0552B9555860058F72D /* PBXContainerItemProxy */;
		};
		A621375F2C1F88A50054E13F /* PBXTargetDependency */ = {
			isa = PBXTargetDependency;
			target = A62137592C1F88A50054E13F /* BodyDiaryKit */;
			targetProxy = A621375E2C1F88A50054E13F /* PBXContainerItemProxy */;
		};
		A62A58F62B951B30009E953F /* PBXTargetDependency */ = {
			isa = PBXTargetDependency;
			target = A62A58F02B951B30009E953F /* Storage */;
			targetProxy = A62A58F52B951B30009E953F /* PBXContainerItemProxy */;
		};
/* End PBXTargetDependency section */

/* Begin XCBuildConfiguration section */
		A614A05A2B9555860058F72D /* Debug */ = {
			isa = XCBuildConfiguration;
			buildSettings = {
				CLANG_ENABLE_MODULES = YES;
				CODE_SIGN_IDENTITY = "Apple Development";
				CODE_SIGN_STYLE = Automatic;
				CURRENT_PROJECT_VERSION = 1;
				DEFINES_MODULE = YES;
				DEVELOPMENT_TEAM = WD3HSGX563;
				DYLIB_COMPATIBILITY_VERSION = 1;
				DYLIB_CURRENT_VERSION = 1;
				DYLIB_INSTALL_NAME_BASE = "@rpath";
				ENABLE_MODULE_VERIFIER = YES;
				GENERATE_INFOPLIST_FILE = YES;
				INFOPLIST_KEY_NSHumanReadableCopyright = "";
				INSTALL_PATH = "$(LOCAL_LIBRARY_DIR)/Frameworks";
				IPHONEOS_DEPLOYMENT_TARGET = 17.2;
				LD_RUNPATH_SEARCH_PATHS = (
					"$(inherited)",
					"@executable_path/Frameworks",
					"@loader_path/Frameworks",
				);
				MARKETING_VERSION = 1.0;
				MODULE_VERIFIER_SUPPORTED_LANGUAGES = "objective-c objective-c++";
				MODULE_VERIFIER_SUPPORTED_LANGUAGE_STANDARDS = "gnu17 gnu++20";
				PRODUCT_BUNDLE_IDENTIFIER = com.meleshhhkevich.UserInterface;
				PRODUCT_NAME = "$(TARGET_NAME:c99extidentifier)";
				SDKROOT = iphoneos;
				SKIP_INSTALL = YES;
				SWIFT_EMIT_LOC_STRINGS = YES;
				SWIFT_OPTIMIZATION_LEVEL = "-Onone";
				SWIFT_VERSION = 5.0;
				TARGETED_DEVICE_FAMILY = "1,2";
				VERSIONING_SYSTEM = "apple-generic";
				VERSION_INFO_PREFIX = "";
			};
			name = Debug;
		};
		A614A05B2B9555860058F72D /* Release */ = {
			isa = XCBuildConfiguration;
			buildSettings = {
				CLANG_ENABLE_MODULES = YES;
				CODE_SIGN_IDENTITY = "Apple Development";
				CODE_SIGN_STYLE = Automatic;
				CURRENT_PROJECT_VERSION = 1;
				DEFINES_MODULE = YES;
				DEVELOPMENT_TEAM = WD3HSGX563;
				DYLIB_COMPATIBILITY_VERSION = 1;
				DYLIB_CURRENT_VERSION = 1;
				DYLIB_INSTALL_NAME_BASE = "@rpath";
				ENABLE_MODULE_VERIFIER = YES;
				GENERATE_INFOPLIST_FILE = YES;
				INFOPLIST_KEY_NSHumanReadableCopyright = "";
				INSTALL_PATH = "$(LOCAL_LIBRARY_DIR)/Frameworks";
				IPHONEOS_DEPLOYMENT_TARGET = 17.2;
				LD_RUNPATH_SEARCH_PATHS = (
					"$(inherited)",
					"@executable_path/Frameworks",
					"@loader_path/Frameworks",
				);
				MARKETING_VERSION = 1.0;
				MODULE_VERIFIER_SUPPORTED_LANGUAGES = "objective-c objective-c++";
				MODULE_VERIFIER_SUPPORTED_LANGUAGE_STANDARDS = "gnu17 gnu++20";
				PRODUCT_BUNDLE_IDENTIFIER = com.meleshhhkevich.UserInterface;
				PRODUCT_NAME = "$(TARGET_NAME:c99extidentifier)";
				SDKROOT = iphoneos;
				SKIP_INSTALL = YES;
				SWIFT_EMIT_LOC_STRINGS = YES;
				SWIFT_VERSION = 5.0;
				TARGETED_DEVICE_FAMILY = "1,2";
				VALIDATE_PRODUCT = YES;
				VERSIONING_SYSTEM = "apple-generic";
				VERSION_INFO_PREFIX = "";
			};
			name = Release;
		};
		A62137632C1F88A50054E13F /* Debug */ = {
			isa = XCBuildConfiguration;
			buildSettings = {
				CODE_SIGN_IDENTITY = "Apple Development";
				CODE_SIGN_STYLE = Automatic;
				CURRENT_PROJECT_VERSION = 1;
				DEFINES_MODULE = YES;
				DEVELOPMENT_TEAM = WD3HSGX563;
				DYLIB_COMPATIBILITY_VERSION = 1;
				DYLIB_CURRENT_VERSION = 1;
				DYLIB_INSTALL_NAME_BASE = "@rpath";
				ENABLE_MODULE_VERIFIER = YES;
				GENERATE_INFOPLIST_FILE = YES;
				INFOPLIST_KEY_NSHumanReadableCopyright = "";
				INSTALL_PATH = "$(LOCAL_LIBRARY_DIR)/Frameworks";
				IPHONEOS_DEPLOYMENT_TARGET = 17.2;
				LD_RUNPATH_SEARCH_PATHS = (
					"@executable_path/Frameworks",
					"@loader_path/Frameworks",
				);
				"LD_RUNPATH_SEARCH_PATHS[sdk=macosx*]" = (
					"@executable_path/../Frameworks",
					"@loader_path/Frameworks",
				);
				MACOSX_DEPLOYMENT_TARGET = 14.2;
				MARKETING_VERSION = 1.0;
				MODULE_VERIFIER_SUPPORTED_LANGUAGES = "objective-c objective-c++";
				MODULE_VERIFIER_SUPPORTED_LANGUAGE_STANDARDS = "gnu17 gnu++20";
				PRODUCT_BUNDLE_IDENTIFIER = com.meleshhhkevich.BodyDiaryKit;
				PRODUCT_NAME = "$(TARGET_NAME:c99extidentifier)";
				SDKROOT = auto;
				SKIP_INSTALL = YES;
				SUPPORTED_PLATFORMS = "iphoneos iphonesimulator macosx";
				SWIFT_EMIT_LOC_STRINGS = YES;
				SWIFT_VERSION = 5.0;
				TARGETED_DEVICE_FAMILY = "1,2";
				VERSIONING_SYSTEM = "apple-generic";
				VERSION_INFO_PREFIX = "";
			};
			name = Debug;
		};
		A62137642C1F88A50054E13F /* Release */ = {
			isa = XCBuildConfiguration;
			buildSettings = {
				CODE_SIGN_IDENTITY = "Apple Development";
				CODE_SIGN_STYLE = Automatic;
				CURRENT_PROJECT_VERSION = 1;
				DEFINES_MODULE = YES;
				DEVELOPMENT_TEAM = WD3HSGX563;
				DYLIB_COMPATIBILITY_VERSION = 1;
				DYLIB_CURRENT_VERSION = 1;
				DYLIB_INSTALL_NAME_BASE = "@rpath";
				ENABLE_MODULE_VERIFIER = YES;
				GENERATE_INFOPLIST_FILE = YES;
				INFOPLIST_KEY_NSHumanReadableCopyright = "";
				INSTALL_PATH = "$(LOCAL_LIBRARY_DIR)/Frameworks";
				IPHONEOS_DEPLOYMENT_TARGET = 17.2;
				LD_RUNPATH_SEARCH_PATHS = (
					"@executable_path/Frameworks",
					"@loader_path/Frameworks",
				);
				"LD_RUNPATH_SEARCH_PATHS[sdk=macosx*]" = (
					"@executable_path/../Frameworks",
					"@loader_path/Frameworks",
				);
				MACOSX_DEPLOYMENT_TARGET = 14.2;
				MARKETING_VERSION = 1.0;
				MODULE_VERIFIER_SUPPORTED_LANGUAGES = "objective-c objective-c++";
				MODULE_VERIFIER_SUPPORTED_LANGUAGE_STANDARDS = "gnu17 gnu++20";
				PRODUCT_BUNDLE_IDENTIFIER = com.meleshhhkevich.BodyDiaryKit;
				PRODUCT_NAME = "$(TARGET_NAME:c99extidentifier)";
				SDKROOT = auto;
				SKIP_INSTALL = YES;
				SUPPORTED_PLATFORMS = "iphoneos iphonesimulator macosx";
				SWIFT_EMIT_LOC_STRINGS = YES;
				SWIFT_VERSION = 5.0;
				TARGETED_DEVICE_FAMILY = "1,2";
				VERSIONING_SYSTEM = "apple-generic";
				VERSION_INFO_PREFIX = "";
			};
			name = Release;
		};
		A62A58E72B951937009E953F /* Debug */ = {
			isa = XCBuildConfiguration;
			buildSettings = {
				ALWAYS_SEARCH_USER_PATHS = NO;
				ASSETCATALOG_COMPILER_GENERATE_SWIFT_ASSET_SYMBOL_EXTENSIONS = YES;
				CLANG_ANALYZER_NONNULL = YES;
				CLANG_ANALYZER_NUMBER_OBJECT_CONVERSION = YES_AGGRESSIVE;
				CLANG_CXX_LANGUAGE_STANDARD = "gnu++20";
				CLANG_ENABLE_MODULES = YES;
				CLANG_ENABLE_OBJC_ARC = YES;
				CLANG_ENABLE_OBJC_WEAK = YES;
				CLANG_WARN_BLOCK_CAPTURE_AUTORELEASING = YES;
				CLANG_WARN_BOOL_CONVERSION = YES;
				CLANG_WARN_COMMA = YES;
				CLANG_WARN_CONSTANT_CONVERSION = YES;
				CLANG_WARN_DEPRECATED_OBJC_IMPLEMENTATIONS = YES;
				CLANG_WARN_DIRECT_OBJC_ISA_USAGE = YES_ERROR;
				CLANG_WARN_DOCUMENTATION_COMMENTS = YES;
				CLANG_WARN_EMPTY_BODY = YES;
				CLANG_WARN_ENUM_CONVERSION = YES;
				CLANG_WARN_INFINITE_RECURSION = YES;
				CLANG_WARN_INT_CONVERSION = YES;
				CLANG_WARN_NON_LITERAL_NULL_CONVERSION = YES;
				CLANG_WARN_OBJC_IMPLICIT_RETAIN_SELF = YES;
				CLANG_WARN_OBJC_LITERAL_CONVERSION = YES;
				CLANG_WARN_OBJC_ROOT_CLASS = YES_ERROR;
				CLANG_WARN_QUOTED_INCLUDE_IN_FRAMEWORK_HEADER = YES;
				CLANG_WARN_RANGE_LOOP_ANALYSIS = YES;
				CLANG_WARN_STRICT_PROTOTYPES = YES;
				CLANG_WARN_SUSPICIOUS_MOVE = YES;
				CLANG_WARN_UNGUARDED_AVAILABILITY = YES_AGGRESSIVE;
				CLANG_WARN_UNREACHABLE_CODE = YES;
				CLANG_WARN__DUPLICATE_METHOD_MATCH = YES;
				COPY_PHASE_STRIP = NO;
				DEBUG_INFORMATION_FORMAT = dwarf;
				ENABLE_STRICT_OBJC_MSGSEND = YES;
				ENABLE_TESTABILITY = YES;
				ENABLE_USER_SCRIPT_SANDBOXING = YES;
				GCC_C_LANGUAGE_STANDARD = gnu17;
				GCC_DYNAMIC_NO_PIC = NO;
				GCC_NO_COMMON_BLOCKS = YES;
				GCC_OPTIMIZATION_LEVEL = 0;
				GCC_PREPROCESSOR_DEFINITIONS = (
					"DEBUG=1",
					"$(inherited)",
				);
				GCC_WARN_64_TO_32_BIT_CONVERSION = YES;
				GCC_WARN_ABOUT_RETURN_TYPE = YES_ERROR;
				GCC_WARN_UNDECLARED_SELECTOR = YES;
				GCC_WARN_UNINITIALIZED_AUTOS = YES_AGGRESSIVE;
				GCC_WARN_UNUSED_FUNCTION = YES;
				GCC_WARN_UNUSED_VARIABLE = YES;
				LOCALIZATION_PREFERS_STRING_CATALOGS = YES;
				MTL_ENABLE_DEBUG_INFO = INCLUDE_SOURCE;
				MTL_FAST_MATH = YES;
				ONLY_ACTIVE_ARCH = YES;
				SWIFT_ACTIVE_COMPILATION_CONDITIONS = "DEBUG $(inherited)";
				SWIFT_OPTIMIZATION_LEVEL = "-Onone";
			};
			name = Debug;
		};
		A62A58E82B951937009E953F /* Release */ = {
			isa = XCBuildConfiguration;
			buildSettings = {
				ALWAYS_SEARCH_USER_PATHS = NO;
				ASSETCATALOG_COMPILER_GENERATE_SWIFT_ASSET_SYMBOL_EXTENSIONS = YES;
				CLANG_ANALYZER_NONNULL = YES;
				CLANG_ANALYZER_NUMBER_OBJECT_CONVERSION = YES_AGGRESSIVE;
				CLANG_CXX_LANGUAGE_STANDARD = "gnu++20";
				CLANG_ENABLE_MODULES = YES;
				CLANG_ENABLE_OBJC_ARC = YES;
				CLANG_ENABLE_OBJC_WEAK = YES;
				CLANG_WARN_BLOCK_CAPTURE_AUTORELEASING = YES;
				CLANG_WARN_BOOL_CONVERSION = YES;
				CLANG_WARN_COMMA = YES;
				CLANG_WARN_CONSTANT_CONVERSION = YES;
				CLANG_WARN_DEPRECATED_OBJC_IMPLEMENTATIONS = YES;
				CLANG_WARN_DIRECT_OBJC_ISA_USAGE = YES_ERROR;
				CLANG_WARN_DOCUMENTATION_COMMENTS = YES;
				CLANG_WARN_EMPTY_BODY = YES;
				CLANG_WARN_ENUM_CONVERSION = YES;
				CLANG_WARN_INFINITE_RECURSION = YES;
				CLANG_WARN_INT_CONVERSION = YES;
				CLANG_WARN_NON_LITERAL_NULL_CONVERSION = YES;
				CLANG_WARN_OBJC_IMPLICIT_RETAIN_SELF = YES;
				CLANG_WARN_OBJC_LITERAL_CONVERSION = YES;
				CLANG_WARN_OBJC_ROOT_CLASS = YES_ERROR;
				CLANG_WARN_QUOTED_INCLUDE_IN_FRAMEWORK_HEADER = YES;
				CLANG_WARN_RANGE_LOOP_ANALYSIS = YES;
				CLANG_WARN_STRICT_PROTOTYPES = YES;
				CLANG_WARN_SUSPICIOUS_MOVE = YES;
				CLANG_WARN_UNGUARDED_AVAILABILITY = YES_AGGRESSIVE;
				CLANG_WARN_UNREACHABLE_CODE = YES;
				CLANG_WARN__DUPLICATE_METHOD_MATCH = YES;
				COPY_PHASE_STRIP = NO;
				DEBUG_INFORMATION_FORMAT = "dwarf-with-dsym";
				ENABLE_NS_ASSERTIONS = NO;
				ENABLE_STRICT_OBJC_MSGSEND = YES;
				ENABLE_USER_SCRIPT_SANDBOXING = YES;
				GCC_C_LANGUAGE_STANDARD = gnu17;
				GCC_NO_COMMON_BLOCKS = YES;
				GCC_WARN_64_TO_32_BIT_CONVERSION = YES;
				GCC_WARN_ABOUT_RETURN_TYPE = YES_ERROR;
				GCC_WARN_UNDECLARED_SELECTOR = YES;
				GCC_WARN_UNINITIALIZED_AUTOS = YES_AGGRESSIVE;
				GCC_WARN_UNUSED_FUNCTION = YES;
				GCC_WARN_UNUSED_VARIABLE = YES;
				LOCALIZATION_PREFERS_STRING_CATALOGS = YES;
				MTL_ENABLE_DEBUG_INFO = NO;
				MTL_FAST_MATH = YES;
				SWIFT_COMPILATION_MODE = wholemodule;
			};
			name = Release;
		};
		A62A58EA2B951937009E953F /* Debug */ = {
			isa = XCBuildConfiguration;
			buildSettings = {
				ALWAYS_EMBED_SWIFT_STANDARD_LIBRARIES = YES;
				ASSETCATALOG_COMPILER_APPICON_NAME = AppIcon;
				ASSETCATALOG_COMPILER_GLOBAL_ACCENT_COLOR_NAME = AccentColor;
				CODE_SIGN_ENTITLEMENTS = BodyDiary/res/BodyDiary.entitlements;
				CODE_SIGN_IDENTITY = "Apple Development";
				CODE_SIGN_STYLE = Automatic;
				CURRENT_PROJECT_VERSION = 1;
				DEVELOPMENT_ASSET_PATHS = "\"BodyDiary/res/Preview Content\"";
				DEVELOPMENT_TEAM = WD3HSGX563;
				ENABLE_PREVIEWS = YES;
				GENERATE_INFOPLIST_FILE = YES;
				INFOPLIST_FILE = BodyDiary/res/Info.plist;
				"INFOPLIST_KEY_UIApplicationSceneManifest_Generation[sdk=iphoneos*]" = YES;
				"INFOPLIST_KEY_UIApplicationSceneManifest_Generation[sdk=iphonesimulator*]" = YES;
				"INFOPLIST_KEY_UIApplicationSupportsIndirectInputEvents[sdk=iphoneos*]" = YES;
				"INFOPLIST_KEY_UIApplicationSupportsIndirectInputEvents[sdk=iphonesimulator*]" = YES;
				"INFOPLIST_KEY_UILaunchScreen_Generation[sdk=iphoneos*]" = YES;
				"INFOPLIST_KEY_UILaunchScreen_Generation[sdk=iphonesimulator*]" = YES;
				"INFOPLIST_KEY_UIStatusBarStyle[sdk=iphoneos*]" = UIStatusBarStyleDefault;
				"INFOPLIST_KEY_UIStatusBarStyle[sdk=iphonesimulator*]" = UIStatusBarStyleDefault;
				INFOPLIST_KEY_UISupportedInterfaceOrientations_iPad = "UIInterfaceOrientationPortrait UIInterfaceOrientationPortraitUpsideDown UIInterfaceOrientationLandscapeLeft UIInterfaceOrientationLandscapeRight";
				INFOPLIST_KEY_UISupportedInterfaceOrientations_iPhone = "UIInterfaceOrientationPortrait UIInterfaceOrientationLandscapeLeft UIInterfaceOrientationLandscapeRight";
				IPHONEOS_DEPLOYMENT_TARGET = 17.2;
				LD_RUNPATH_SEARCH_PATHS = "@executable_path/Frameworks";
				"LD_RUNPATH_SEARCH_PATHS[sdk=macosx*]" = "@executable_path/../Frameworks";
				MACOSX_DEPLOYMENT_TARGET = 14.0;
				MARKETING_VERSION = 1.0;
				PRODUCT_BUNDLE_IDENTIFIER = com.meleshhhkevich.BodyDiary;
				PRODUCT_NAME = "$(TARGET_NAME)";
				PROVISIONING_PROFILE_SPECIFIER = "";
				SDKROOT = auto;
				SUPPORTED_PLATFORMS = "iphoneos iphonesimulator macosx";
				SWIFT_EMIT_LOC_STRINGS = YES;
				SWIFT_VERSION = 5.0;
				TARGETED_DEVICE_FAMILY = "1,2";
			};
			name = Debug;
		};
		A62A58EB2B951937009E953F /* Release */ = {
			isa = XCBuildConfiguration;
			buildSettings = {
				ALWAYS_EMBED_SWIFT_STANDARD_LIBRARIES = YES;
				ASSETCATALOG_COMPILER_APPICON_NAME = AppIcon;
				ASSETCATALOG_COMPILER_GLOBAL_ACCENT_COLOR_NAME = AccentColor;
				CODE_SIGN_ENTITLEMENTS = BodyDiary/res/BodyDiary.entitlements;
				CODE_SIGN_IDENTITY = "Apple Development";
				CODE_SIGN_STYLE = Automatic;
				CURRENT_PROJECT_VERSION = 1;
				DEVELOPMENT_ASSET_PATHS = "\"BodyDiary/res/Preview Content\"";
				DEVELOPMENT_TEAM = WD3HSGX563;
				ENABLE_PREVIEWS = YES;
				GENERATE_INFOPLIST_FILE = YES;
				INFOPLIST_FILE = BodyDiary/res/Info.plist;
				"INFOPLIST_KEY_UIApplicationSceneManifest_Generation[sdk=iphoneos*]" = YES;
				"INFOPLIST_KEY_UIApplicationSceneManifest_Generation[sdk=iphonesimulator*]" = YES;
				"INFOPLIST_KEY_UIApplicationSupportsIndirectInputEvents[sdk=iphoneos*]" = YES;
				"INFOPLIST_KEY_UIApplicationSupportsIndirectInputEvents[sdk=iphonesimulator*]" = YES;
				"INFOPLIST_KEY_UILaunchScreen_Generation[sdk=iphoneos*]" = YES;
				"INFOPLIST_KEY_UILaunchScreen_Generation[sdk=iphonesimulator*]" = YES;
				"INFOPLIST_KEY_UIStatusBarStyle[sdk=iphoneos*]" = UIStatusBarStyleDefault;
				"INFOPLIST_KEY_UIStatusBarStyle[sdk=iphonesimulator*]" = UIStatusBarStyleDefault;
				INFOPLIST_KEY_UISupportedInterfaceOrientations_iPad = "UIInterfaceOrientationPortrait UIInterfaceOrientationPortraitUpsideDown UIInterfaceOrientationLandscapeLeft UIInterfaceOrientationLandscapeRight";
				INFOPLIST_KEY_UISupportedInterfaceOrientations_iPhone = "UIInterfaceOrientationPortrait UIInterfaceOrientationLandscapeLeft UIInterfaceOrientationLandscapeRight";
				IPHONEOS_DEPLOYMENT_TARGET = 17.2;
				LD_RUNPATH_SEARCH_PATHS = "@executable_path/Frameworks";
				"LD_RUNPATH_SEARCH_PATHS[sdk=macosx*]" = "@executable_path/../Frameworks";
				MACOSX_DEPLOYMENT_TARGET = 14.0;
				MARKETING_VERSION = 1.0;
				PRODUCT_BUNDLE_IDENTIFIER = com.meleshhhkevich.BodyDiary;
				PRODUCT_NAME = "$(TARGET_NAME)";
				PROVISIONING_PROFILE_SPECIFIER = "";
				SDKROOT = auto;
				SUPPORTED_PLATFORMS = "iphoneos iphonesimulator macosx";
				SWIFT_EMIT_LOC_STRINGS = YES;
				SWIFT_VERSION = 5.0;
				TARGETED_DEVICE_FAMILY = "1,2";
			};
			name = Release;
		};
		A62A58FA2B951B30009E953F /* Debug */ = {
			isa = XCBuildConfiguration;
			buildSettings = {
				CLANG_ENABLE_MODULES = YES;
				CODE_SIGN_STYLE = Automatic;
				CURRENT_PROJECT_VERSION = 1;
				DEFINES_MODULE = YES;
				DYLIB_COMPATIBILITY_VERSION = 1;
				DYLIB_CURRENT_VERSION = 1;
				DYLIB_INSTALL_NAME_BASE = "@rpath";
				ENABLE_MODULE_VERIFIER = YES;
				GENERATE_INFOPLIST_FILE = YES;
				INFOPLIST_KEY_NSHumanReadableCopyright = "";
				INSTALL_PATH = "$(LOCAL_LIBRARY_DIR)/Frameworks";
				IPHONEOS_DEPLOYMENT_TARGET = 17.2;
				LD_RUNPATH_SEARCH_PATHS = (
					"@executable_path/Frameworks",
					"@loader_path/Frameworks",
				);
				"LD_RUNPATH_SEARCH_PATHS[sdk=macosx*]" = (
					"@executable_path/../Frameworks",
					"@loader_path/Frameworks",
				);
				MACOSX_DEPLOYMENT_TARGET = 14.0;
				MARKETING_VERSION = 1.0;
				MODULE_VERIFIER_SUPPORTED_LANGUAGES = "objective-c objective-c++";
				MODULE_VERIFIER_SUPPORTED_LANGUAGE_STANDARDS = "gnu17 gnu++20";
				PRODUCT_BUNDLE_IDENTIFIER = com.meleshhhkevich.Storage;
				PRODUCT_NAME = "$(TARGET_NAME:c99extidentifier)";
				SDKROOT = auto;
				SKIP_INSTALL = YES;
				SUPPORTED_PLATFORMS = "iphoneos iphonesimulator macosx";
				SWIFT_EMIT_LOC_STRINGS = YES;
				SWIFT_OPTIMIZATION_LEVEL = "-Onone";
				SWIFT_VERSION = 5.0;
				TARGETED_DEVICE_FAMILY = "1,2";
				VERSIONING_SYSTEM = "apple-generic";
				VERSION_INFO_PREFIX = "";
			};
			name = Debug;
		};
		A62A58FB2B951B30009E953F /* Release */ = {
			isa = XCBuildConfiguration;
			buildSettings = {
				CLANG_ENABLE_MODULES = YES;
				CODE_SIGN_STYLE = Automatic;
				CURRENT_PROJECT_VERSION = 1;
				DEFINES_MODULE = YES;
				DYLIB_COMPATIBILITY_VERSION = 1;
				DYLIB_CURRENT_VERSION = 1;
				DYLIB_INSTALL_NAME_BASE = "@rpath";
				ENABLE_MODULE_VERIFIER = YES;
				GENERATE_INFOPLIST_FILE = YES;
				INFOPLIST_KEY_NSHumanReadableCopyright = "";
				INSTALL_PATH = "$(LOCAL_LIBRARY_DIR)/Frameworks";
				IPHONEOS_DEPLOYMENT_TARGET = 17.2;
				LD_RUNPATH_SEARCH_PATHS = (
					"@executable_path/Frameworks",
					"@loader_path/Frameworks",
				);
				"LD_RUNPATH_SEARCH_PATHS[sdk=macosx*]" = (
					"@executable_path/../Frameworks",
					"@loader_path/Frameworks",
				);
				MACOSX_DEPLOYMENT_TARGET = 14.0;
				MARKETING_VERSION = 1.0;
				MODULE_VERIFIER_SUPPORTED_LANGUAGES = "objective-c objective-c++";
				MODULE_VERIFIER_SUPPORTED_LANGUAGE_STANDARDS = "gnu17 gnu++20";
				PRODUCT_BUNDLE_IDENTIFIER = com.meleshhhkevich.Storage;
				PRODUCT_NAME = "$(TARGET_NAME:c99extidentifier)";
				SDKROOT = auto;
				SKIP_INSTALL = YES;
				SUPPORTED_PLATFORMS = "iphoneos iphonesimulator macosx";
				SWIFT_EMIT_LOC_STRINGS = YES;
				SWIFT_VERSION = 5.0;
				TARGETED_DEVICE_FAMILY = "1,2";
				VERSIONING_SYSTEM = "apple-generic";
				VERSION_INFO_PREFIX = "";
			};
			name = Release;
		};
/* End XCBuildConfiguration section */

/* Begin XCConfigurationList section */
		A614A0592B9555860058F72D /* Build configuration list for PBXNativeTarget "UserInterface" */ = {
			isa = XCConfigurationList;
			buildConfigurations = (
				A614A05A2B9555860058F72D /* Debug */,
				A614A05B2B9555860058F72D /* Release */,
			);
			defaultConfigurationIsVisible = 0;
			defaultConfigurationName = Release;
		};
		A62137622C1F88A50054E13F /* Build configuration list for PBXNativeTarget "BodyDiaryKit" */ = {
			isa = XCConfigurationList;
			buildConfigurations = (
				A62137632C1F88A50054E13F /* Debug */,
				A62137642C1F88A50054E13F /* Release */,
			);
			defaultConfigurationIsVisible = 0;
			defaultConfigurationName = Release;
		};
		A62A58D22B951936009E953F /* Build configuration list for PBXProject "BodyDiary" */ = {
			isa = XCConfigurationList;
			buildConfigurations = (
				A62A58E72B951937009E953F /* Debug */,
				A62A58E82B951937009E953F /* Release */,
			);
			defaultConfigurationIsVisible = 0;
			defaultConfigurationName = Release;
		};
		A62A58E92B951937009E953F /* Build configuration list for PBXNativeTarget "BodyDiary" */ = {
			isa = XCConfigurationList;
			buildConfigurations = (
				A62A58EA2B951937009E953F /* Debug */,
				A62A58EB2B951937009E953F /* Release */,
			);
			defaultConfigurationIsVisible = 0;
			defaultConfigurationName = Release;
		};
		A62A58FC2B951B30009E953F /* Build configuration list for PBXNativeTarget "Storage" */ = {
			isa = XCConfigurationList;
			buildConfigurations = (
				A62A58FA2B951B30009E953F /* Debug */,
				A62A58FB2B951B30009E953F /* Release */,
			);
			defaultConfigurationIsVisible = 0;
			defaultConfigurationName = Release;
		};
/* End XCConfigurationList section */

/* Begin XCRemoteSwiftPackageReference section */
		A64FA5EC2C21089A00CC50C8 /* XCRemoteSwiftPackageReference "lottie-ios" */ = {
			isa = XCRemoteSwiftPackageReference;
			repositoryURL = "https://github.com/airbnb/lottie-ios.git";
			requirement = {
				kind = upToNextMajorVersion;
				minimumVersion = 4.4.3;
			};
		};
		A66713CA2C2CE68300DA2A06 /* XCRemoteSwiftPackageReference "PopupView" */ = {
			isa = XCRemoteSwiftPackageReference;
			repositoryURL = "https://github.com/exyte/PopupView.git";
			requirement = {
				kind = upToNextMajorVersion;
				minimumVersion = 3.0.0;
			};
		};
/* End XCRemoteSwiftPackageReference section */

/* Begin XCSwiftPackageProductDependency section */
		A63D70902C27256C00E96F03 /* Lottie */ = {
			isa = XCSwiftPackageProductDependency;
			package = A64FA5EC2C21089A00CC50C8 /* XCRemoteSwiftPackageReference "lottie-ios" */;
			productName = Lottie;
		};
		A66713CB2C2CE68300DA2A06 /* PopupView */ = {
			isa = XCSwiftPackageProductDependency;
			package = A66713CA2C2CE68300DA2A06 /* XCRemoteSwiftPackageReference "PopupView" */;
			productName = PopupView;
		};
/* End XCSwiftPackageProductDependency section */
	};
	rootObject = A62A58CF2B951936009E953F /* Project object */;
}
